// !$*UTF8*$!
{
	archiveVersion = 1;
	classes = {
	};
	objectVersion = 46;
	objects = {

/* Begin PBXBuildFile section */
		4C85D52A007C4009B2A96FD0 /* libPods.a in Frameworks */ = {isa = PBXBuildFile; fileRef = 8C61116E098E4028AABAEEC0 /* libPods.a */; };
		D303D880180DB1130065B920 /* NavigationDrawerViewController.m in Sources */ = {isa = PBXBuildFile; fileRef = D303D87F180DB1130065B920 /* NavigationDrawerViewController.m */; };
		D30B0C1F18EF0AF400744580 /* Main_iPhone.storyboard in Resources */ = {isa = PBXBuildFile; fileRef = D30B0C2118EF0AF400744580 /* Main_iPhone.storyboard */; };
		D312A03818DA0CCA0045C5DE /* ProgressManager.m in Sources */ = {isa = PBXBuildFile; fileRef = D312A03718DA0CCA0045C5DE /* ProgressManager.m */; };
		D31CCB7F1899662900E3B303 /* EkkoCloudXMLConstants.m in Sources */ = {isa = PBXBuildFile; fileRef = D31CCB7E1899662900E3B303 /* EkkoCloudXMLConstants.m */; };
		D31DB7EA18A13D230031C12E /* Lesson.m in Sources */ = {isa = PBXBuildFile; fileRef = D31DB7E918A13D230031C12E /* Lesson.m */; };
		D31DB7ED18A13FC50031C12E /* Quiz.m in Sources */ = {isa = PBXBuildFile; fileRef = D31DB7EC18A13FC50031C12E /* Quiz.m */; };
		D31DB7F018A141D00031C12E /* Media.m in Sources */ = {isa = PBXBuildFile; fileRef = D31DB7EF18A141D00031C12E /* Media.m */; };
		D31DB7F318A143260031C12E /* Page.m in Sources */ = {isa = PBXBuildFile; fileRef = D31DB7F218A143260031C12E /* Page.m */; };
		D31DB7F918A144A30031C12E /* Question.m in Sources */ = {isa = PBXBuildFile; fileRef = D31DB7F818A144A30031C12E /* Question.m */; };
		D31DB7FC18A1457E0031C12E /* MultipleChoice.m in Sources */ = {isa = PBXBuildFile; fileRef = D31DB7FB18A1457E0031C12E /* MultipleChoice.m */; };
		D31DB7FF18A145BF0031C12E /* ContentItem.m in Sources */ = {isa = PBXBuildFile; fileRef = D31DB7FE18A145BF0031C12E /* ContentItem.m */; };
		D31DB80218A1484B0031C12E /* MultipleChoiceOption.m in Sources */ = {isa = PBXBuildFile; fileRef = D31DB80118A1484B0031C12E /* MultipleChoiceOption.m */; };
		D31DB80518A14C620031C12E /* Lesson+XMLModel.m in Sources */ = {isa = PBXBuildFile; fileRef = D31DB80418A14C620031C12E /* Lesson+XMLModel.m */; };
		D31DB80818A14C710031C12E /* Quiz+XMLModel.m in Sources */ = {isa = PBXBuildFile; fileRef = D31DB80718A14C710031C12E /* Quiz+XMLModel.m */; };
		D31DB80B18A150760031C12E /* Media+XMLModel.m in Sources */ = {isa = PBXBuildFile; fileRef = D31DB80A18A150760031C12E /* Media+XMLModel.m */; };
		D31DB80E18A1508A0031C12E /* Page+XMLModel.m in Sources */ = {isa = PBXBuildFile; fileRef = D31DB80D18A1508A0031C12E /* Page+XMLModel.m */; };
		D31DB81118A166620031C12E /* MultipleChoice+XMLModel.m in Sources */ = {isa = PBXBuildFile; fileRef = D31DB81018A166620031C12E /* MultipleChoice+XMLModel.m */; };
		D31DB81418A167DA0031C12E /* MultipleChoiceOption+XMLModel.m in Sources */ = {isa = PBXBuildFile; fileRef = D31DB81318A167DA0031C12E /* MultipleChoiceOption+XMLModel.m */; };
		D320D13618A539C60055D83D /* Banner.m in Sources */ = {isa = PBXBuildFile; fileRef = D320D13518A539C60055D83D /* Banner.m */; };
		D320D13918A539C70055D83D /* Course.m in Sources */ = {isa = PBXBuildFile; fileRef = D320D13818A539C70055D83D /* Course.m */; };
		D320D13C18A539DF0055D83D /* Banner+Ekko.m in Sources */ = {isa = PBXBuildFile; fileRef = D320D13B18A539DF0055D83D /* Banner+Ekko.m */; };
		D320D14518A5682E0055D83D /* Lesson+View.m in Sources */ = {isa = PBXBuildFile; fileRef = D320D14018A5682E0055D83D /* Lesson+View.m */; };
		D320D14618A5682E0055D83D /* Manifest+View.m in Sources */ = {isa = PBXBuildFile; fileRef = D320D14218A5682E0055D83D /* Manifest+View.m */; };
		D320D14718A5682E0055D83D /* Quiz+View.m in Sources */ = {isa = PBXBuildFile; fileRef = D320D14418A5682E0055D83D /* Quiz+View.m */; };
		D320D14A18A56BEC0055D83D /* CoreDataManager.m in Sources */ = {isa = PBXBuildFile; fileRef = D320D14918A56BEC0055D83D /* CoreDataManager.m */; };
		D325766517F375E200447A2D /* ResourceManager.m in Sources */ = {isa = PBXBuildFile; fileRef = D325766417F375E200447A2D /* ResourceManager.m */; };
		D32BBEB318A2DEDA006273A8 /* Permission.m in Sources */ = {isa = PBXBuildFile; fileRef = D32BBEB218A2DEDA006273A8 /* Permission.m */; };
		D32BBEB618A2DF0D006273A8 /* Permission+XMLModel.m in Sources */ = {isa = PBXBuildFile; fileRef = D32BBEB518A2DF0D006273A8 /* Permission+XMLModel.m */; };
		D33072321807227E00EDD036 /* QuizCompleteViewController.m in Sources */ = {isa = PBXBuildFile; fileRef = D33072311807227E00EDD036 /* QuizCompleteViewController.m */; };
		D33072351807349B00EDD036 /* QuizManager.m in Sources */ = {isa = PBXBuildFile; fileRef = D33072341807349B00EDD036 /* QuizManager.m */; };
		D334994A189C05F700DCBF0A /* Manifest+XMLModel.m in Sources */ = {isa = PBXBuildFile; fileRef = D3349949189C05F700DCBF0A /* Manifest+XMLModel.m */; };
		D334994E189C072000DCBF0A /* EkkoXMLParser.m in Sources */ = {isa = PBXBuildFile; fileRef = D334994D189C072000DCBF0A /* EkkoXMLParser.m */; };
		D3349951189C07B100DCBF0A /* ManifestXMLParser.m in Sources */ = {isa = PBXBuildFile; fileRef = D3349950189C07B100DCBF0A /* ManifestXMLParser.m */; };
		D3375AE318106BAC00BAB134 /* AboutEkkoViewController.m in Sources */ = {isa = PBXBuildFile; fileRef = D3375AE218106BAC00BAB134 /* AboutEkkoViewController.m */; };
		D3375AE518106C9500BAB134 /* AboutEkko.html in Resources */ = {isa = PBXBuildFile; fileRef = D3375AE418106C9500BAB134 /* AboutEkko.html */; };
		D3401EBB18E32C09002A76F9 /* Lesson+Progress.m in Sources */ = {isa = PBXBuildFile; fileRef = D3401EBA18E32C09002A76F9 /* Lesson+Progress.m */; };
		D3401EBE18E33002002A76F9 /* Quiz+Progress.m in Sources */ = {isa = PBXBuildFile; fileRef = D3401EBD18E33002002A76F9 /* Quiz+Progress.m */; };
		D34B33FE18AAA31800A2C46B /* UIImageView+Resource.m in Sources */ = {isa = PBXBuildFile; fileRef = D34B33FD18AAA31800A2C46B /* UIImageView+Resource.m */; };
		D3553044189A92E8002C3AB2 /* ManifestManager.m in Sources */ = {isa = PBXBuildFile; fileRef = D3553043189A92E8002C3AB2 /* ManifestManager.m */; };
		D355304F189AA681002C3AB2 /* ArclightClient.m in Sources */ = {isa = PBXBuildFile; fileRef = D355304A189AA681002C3AB2 /* ArclightClient.m */; };
		D3553050189AA681002C3AB2 /* EkkoCloudClient.m in Sources */ = {isa = PBXBuildFile; fileRef = D355304C189AA681002C3AB2 /* EkkoCloudClient.m */; };
		D3553051189AA681002C3AB2 /* HTTPClient.m in Sources */ = {isa = PBXBuildFile; fileRef = D355304E189AA681002C3AB2 /* HTTPClient.m */; };
		D3553054189AA891002C3AB2 /* Manifest.m in Sources */ = {isa = PBXBuildFile; fileRef = D3553053189AA891002C3AB2 /* Manifest.m */; };
		D35885C418EDF79000067A3C /* Localizable.strings in Resources */ = {isa = PBXBuildFile; fileRef = D35885C618EDF79000067A3C /* Localizable.strings */; };
		D359FEE617EC967D007A095B /* CoreData.framework in Frameworks */ = {isa = PBXBuildFile; fileRef = D359FEE517EC967D007A095B /* CoreData.framework */; };
		D359FEE817EC968C007A095B /* QuartzCore.framework in Frameworks */ = {isa = PBXBuildFile; fileRef = D359FEE717EC968C007A095B /* QuartzCore.framework */; };
		D359FF9F17EC96FE007A095B /* AppDelegate.m in Sources */ = {isa = PBXBuildFile; fileRef = D359FF1117EC96FE007A095B /* AppDelegate.m */; };
		D359FFB617EC96FE007A095B /* Course+Ekko.m in Sources */ = {isa = PBXBuildFile; fileRef = D359FF3C17EC96FE007A095B /* Course+Ekko.m */; };
		D359FFC417EC96FE007A095B /* NSString+MD5.m in Sources */ = {isa = PBXBuildFile; fileRef = D359FF5B17EC96FE007A095B /* NSString+MD5.m */; };
		D359FFC617EC96FE007A095B /* UIColor+Ekko.m in Sources */ = {isa = PBXBuildFile; fileRef = D359FF5F17EC96FE007A095B /* UIColor+Ekko.m */; };
		D359FFC717EC96FE007A095B /* UIImage+Ekko.m in Sources */ = {isa = PBXBuildFile; fileRef = D359FF6117EC96FE007A095B /* UIImage+Ekko.m */; };
		D359FFC817EC96FE007A095B /* URLUtils.m in Sources */ = {isa = PBXBuildFile; fileRef = D359FF6317EC96FE007A095B /* URLUtils.m */; };
		D359FFCA17EC96FE007A095B /* CoreDataTableViewController.m in Sources */ = {isa = PBXBuildFile; fileRef = D359FF6817EC96FE007A095B /* CoreDataTableViewController.m */; };
		D359FFCB17EC96FE007A095B /* CourseNavigationBar.m in Sources */ = {isa = PBXBuildFile; fileRef = D359FF6C17EC96FE007A095B /* CourseNavigationBar.m */; };
		D359FFCC17EC96FE007A095B /* CourseViewController.m in Sources */ = {isa = PBXBuildFile; fileRef = D359FF6E17EC96FE007A095B /* CourseViewController.m */; };
		D359FFCD17EC96FE007A095B /* LessonViewController.m in Sources */ = {isa = PBXBuildFile; fileRef = D359FF7117EC96FE007A095B /* LessonViewController.m */; };
		D359FFCE17EC96FE007A095B /* MediaViewController.m in Sources */ = {isa = PBXBuildFile; fileRef = D359FF7317EC96FE007A095B /* MediaViewController.m */; };
		D359FFCF17EC96FE007A095B /* PageViewController.m in Sources */ = {isa = PBXBuildFile; fileRef = D359FF7517EC96FE007A095B /* PageViewController.m */; };
		D359FFD017EC96FE007A095B /* MultipleChoiceOptionCell.m in Sources */ = {isa = PBXBuildFile; fileRef = D359FF7917EC96FE007A095B /* MultipleChoiceOptionCell.m */; };
		D359FFD117EC96FE007A095B /* MultipleChoiceViewController.m in Sources */ = {isa = PBXBuildFile; fileRef = D359FF7B17EC96FE007A095B /* MultipleChoiceViewController.m */; };
		D359FFD217EC96FE007A095B /* QuizViewController.m in Sources */ = {isa = PBXBuildFile; fileRef = D359FF7E17EC96FE007A095B /* QuizViewController.m */; };
		D359FFD317EC96FE007A095B /* CourseListCell.m in Sources */ = {isa = PBXBuildFile; fileRef = D359FF8117EC96FE007A095B /* CourseListCell.m */; };
		D359FFD417EC96FE007A095B /* CourseListViewController.m in Sources */ = {isa = PBXBuildFile; fileRef = D359FF8317EC96FE007A095B /* CourseListViewController.m */; };
		D359FFD517EC96FE007A095B /* DrawerViewController.m in Sources */ = {isa = PBXBuildFile; fileRef = D359FF8517EC96FE007A095B /* DrawerViewController.m */; };
		D359FFD717EC96FE007A095B /* SwipeViewController.m in Sources */ = {isa = PBXBuildFile; fileRef = D359FF8A17EC96FE007A095B /* SwipeViewController.m */; };
		D359FFD817EC96FE007A095B /* UIViewController+SwipeViewController.m in Sources */ = {isa = PBXBuildFile; fileRef = D359FF8C17EC96FE007A095B /* UIViewController+SwipeViewController.m */; };
		D359FFDF17EC9978007A095B /* Ekko.xcdatamodeld in Sources */ = {isa = PBXBuildFile; fileRef = D359FFDD17EC9978007A095B /* Ekko.xcdatamodeld */; };
		D359FFED17EC9D98007A095B /* Main_iPad.storyboard in Resources */ = {isa = PBXBuildFile; fileRef = D359FFEB17EC9D98007A095B /* Main_iPad.storyboard */; };
		D35B6CC7180EECC200670090 /* CFNetwork.framework in Frameworks */ = {isa = PBXBuildFile; fileRef = D35B6CC6180EECC200670090 /* CFNetwork.framework */; };
		D36B176917F09A4500EFFD86 /* MediaPlayer.framework in Frameworks */ = {isa = PBXBuildFile; fileRef = D36B176817F09A4500EFFD86 /* MediaPlayer.framework */; };
		D3908D7A18DCBD9D00F8C3A5 /* Manifest+Progress.m in Sources */ = {isa = PBXBuildFile; fileRef = D3908D7918DCBD9D00F8C3A5 /* Manifest+Progress.m */; };
		D397E5711822CDE500D9FFF3 /* UIWebView+Ekko.m in Sources */ = {isa = PBXBuildFile; fileRef = D397E5701822CDE500D9FFF3 /* UIWebView+Ekko.m */; };
		D3B1911118A92B7C009C749F /* CoreDataXMLParser.m in Sources */ = {isa = PBXBuildFile; fileRef = D3B1911018A92B7C009C749F /* CoreDataXMLParser.m */; };
		D3BAC3DA1836C2E400EDE24A /* EkkoLoginViewController.m in Sources */ = {isa = PBXBuildFile; fileRef = D3BAC3D81836C2E400EDE24A /* EkkoLoginViewController.m */; };
		D3BAC3DB1836C2E400EDE24A /* EkkoLoginViewController.xib in Resources */ = {isa = PBXBuildFile; fileRef = D3BAC3D91836C2E400EDE24A /* EkkoLoginViewController.xib */; };
		D3C0FB4D189FE92E00C86039 /* Resource.m in Sources */ = {isa = PBXBuildFile; fileRef = D3C0FB4C189FE92E00C86039 /* Resource.m */; };
		D3C0FB50189FEBC000C86039 /* Resource+XMLModel.m in Sources */ = {isa = PBXBuildFile; fileRef = D3C0FB4F189FEBC000C86039 /* Resource+XMLModel.m */; };
		D3C0FB5D18A01C6600C86039 /* CourseManager.m in Sources */ = {isa = PBXBuildFile; fileRef = D3C0FB5C18A01C6600C86039 /* CourseManager.m */; };
		D3C0FB6018A01DC200C86039 /* CoursesXMLParser.m in Sources */ = {isa = PBXBuildFile; fileRef = D3C0FB5F18A01DC200C86039 /* CoursesXMLParser.m */; };
		D3C0FB6318A01DEE00C86039 /* CourseXMLParser.m in Sources */ = {isa = PBXBuildFile; fileRef = D3C0FB6218A01DEE00C86039 /* CourseXMLParser.m */; };
		D3C0FB6918A01EA500C86039 /* Course+XMLModel.m in Sources */ = {isa = PBXBuildFile; fileRef = D3C0FB6818A01EA500C86039 /* Course+XMLModel.m */; };
		D3DBC62818E1D92A001C578D /* ProgressItem.m in Sources */ = {isa = PBXBuildFile; fileRef = D3DBC62718E1D92A001C578D /* ProgressItem.m */; };
		D3DBC62B18E1FE88001C578D /* Answer.m in Sources */ = {isa = PBXBuildFile; fileRef = D3DBC62A18E1FE88001C578D /* Answer.m */; };
		D3E61B2E180C5EDA00145E50 /* CourseDrawerViewController.m in Sources */ = {isa = PBXBuildFile; fileRef = D3E61B2D180C5EDA00145E50 /* CourseDrawerViewController.m */; };
		D3E61B34180C60C900145E50 /* CourseDrawerMediaCell.m in Sources */ = {isa = PBXBuildFile; fileRef = D3E61B33180C60C900145E50 /* CourseDrawerMediaCell.m */; };
		D3F2F00117EC904800F32F52 /* Foundation.framework in Frameworks */ = {isa = PBXBuildFile; fileRef = D3F2F00017EC904800F32F52 /* Foundation.framework */; };
		D3F2F00317EC904800F32F52 /* CoreGraphics.framework in Frameworks */ = {isa = PBXBuildFile; fileRef = D3F2F00217EC904800F32F52 /* CoreGraphics.framework */; };
		D3F2F00517EC904800F32F52 /* UIKit.framework in Frameworks */ = {isa = PBXBuildFile; fileRef = D3F2F00417EC904800F32F52 /* UIKit.framework */; };
		D3F2F00B17EC904800F32F52 /* InfoPlist.strings in Resources */ = {isa = PBXBuildFile; fileRef = D3F2F00917EC904800F32F52 /* InfoPlist.strings */; };
		D3F2F00D17EC904800F32F52 /* main.m in Sources */ = {isa = PBXBuildFile; fileRef = D3F2F00C17EC904800F32F52 /* main.m */; };
		D3F2F02317EC904800F32F52 /* XCTest.framework in Frameworks */ = {isa = PBXBuildFile; fileRef = D3F2F02217EC904800F32F52 /* XCTest.framework */; };
		D3F2F02417EC904800F32F52 /* Foundation.framework in Frameworks */ = {isa = PBXBuildFile; fileRef = D3F2F00017EC904800F32F52 /* Foundation.framework */; };
		D3F2F02517EC904800F32F52 /* UIKit.framework in Frameworks */ = {isa = PBXBuildFile; fileRef = D3F2F00417EC904800F32F52 /* UIKit.framework */; };
		D3F2F02D17EC904800F32F52 /* InfoPlist.strings in Resources */ = {isa = PBXBuildFile; fileRef = D3F2F02B17EC904800F32F52 /* InfoPlist.strings */; };
		D3F2F02F17EC904800F32F52 /* EkkoTests.m in Sources */ = {isa = PBXBuildFile; fileRef = D3F2F02E17EC904800F32F52 /* EkkoTests.m */; };
		D3F9DA2817ECB9620039B0AC /* Images.xcassets in Resources */ = {isa = PBXBuildFile; fileRef = D3F9DA2717ECB9620039B0AC /* Images.xcassets */; };
		D3FB3C9D180482A80051642F /* CourseCompleteViewController.m in Sources */ = {isa = PBXBuildFile; fileRef = D3FB3C9C180482A80051642F /* CourseCompleteViewController.m */; };
		D3FB3CA218049EAC0051642F /* bg_ekko_quiz@2x.png in Resources */ = {isa = PBXBuildFile; fileRef = D3FB3CA118049EAC0051642F /* bg_ekko_quiz@2x.png */; };
/* End PBXBuildFile section */

/* Begin PBXContainerItemProxy section */
		D3F2F02617EC904800F32F52 /* PBXContainerItemProxy */ = {
			isa = PBXContainerItemProxy;
			containerPortal = D3F2EFF517EC904800F32F52 /* Project object */;
			proxyType = 1;
			remoteGlobalIDString = D3F2EFFC17EC904800F32F52;
			remoteInfo = Ekko;
		};
/* End PBXContainerItemProxy section */

/* Begin PBXFileReference section */
		7069383D156F4191A71889D9 /* Pods.xcconfig */ = {isa = PBXFileReference; includeInIndex = 1; lastKnownFileType = text.xcconfig; name = Pods.xcconfig; path = Pods/Pods.xcconfig; sourceTree = "<group>"; };
		8C61116E098E4028AABAEEC0 /* libPods.a */ = {isa = PBXFileReference; explicitFileType = archive.ar; includeInIndex = 0; path = libPods.a; sourceTree = BUILT_PRODUCTS_DIR; };
		D303D87E180DB1130065B920 /* NavigationDrawerViewController.h */ = {isa = PBXFileReference; fileEncoding = 4; lastKnownFileType = sourcecode.c.h; path = NavigationDrawerViewController.h; sourceTree = "<group>"; };
		D303D87F180DB1130065B920 /* NavigationDrawerViewController.m */ = {isa = PBXFileReference; fileEncoding = 4; lastKnownFileType = sourcecode.c.objc; path = NavigationDrawerViewController.m; sourceTree = "<group>"; };
		D30B0C2018EF0AF400744580 /* en */ = {isa = PBXFileReference; lastKnownFileType = file.storyboard; name = en; path = en.lproj/Main_iPhone.storyboard; sourceTree = "<group>"; };
		D312A03618DA0CCA0045C5DE /* ProgressManager.h */ = {isa = PBXFileReference; fileEncoding = 4; lastKnownFileType = sourcecode.c.h; path = ProgressManager.h; sourceTree = "<group>"; };
		D312A03718DA0CCA0045C5DE /* ProgressManager.m */ = {isa = PBXFileReference; fileEncoding = 4; lastKnownFileType = sourcecode.c.objc; path = ProgressManager.m; sourceTree = "<group>"; };
		D31CCB7D1899662900E3B303 /* EkkoCloudXMLConstants.h */ = {isa = PBXFileReference; fileEncoding = 4; lastKnownFileType = sourcecode.c.h; path = EkkoCloudXMLConstants.h; sourceTree = "<group>"; };
		D31CCB7E1899662900E3B303 /* EkkoCloudXMLConstants.m */ = {isa = PBXFileReference; fileEncoding = 4; lastKnownFileType = sourcecode.c.objc; path = EkkoCloudXMLConstants.m; sourceTree = "<group>"; };
		D31DB7E818A13D230031C12E /* Lesson.h */ = {isa = PBXFileReference; fileEncoding = 4; lastKnownFileType = sourcecode.c.h; path = Lesson.h; sourceTree = "<group>"; };
		D31DB7E918A13D230031C12E /* Lesson.m */ = {isa = PBXFileReference; fileEncoding = 4; lastKnownFileType = sourcecode.c.objc; path = Lesson.m; sourceTree = "<group>"; };
		D31DB7EB18A13FC50031C12E /* Quiz.h */ = {isa = PBXFileReference; fileEncoding = 4; lastKnownFileType = sourcecode.c.h; path = Quiz.h; sourceTree = "<group>"; };
		D31DB7EC18A13FC50031C12E /* Quiz.m */ = {isa = PBXFileReference; fileEncoding = 4; lastKnownFileType = sourcecode.c.objc; path = Quiz.m; sourceTree = "<group>"; };
		D31DB7EE18A141D00031C12E /* Media.h */ = {isa = PBXFileReference; fileEncoding = 4; lastKnownFileType = sourcecode.c.h; path = Media.h; sourceTree = "<group>"; };
		D31DB7EF18A141D00031C12E /* Media.m */ = {isa = PBXFileReference; fileEncoding = 4; lastKnownFileType = sourcecode.c.objc; path = Media.m; sourceTree = "<group>"; };
		D31DB7F118A143260031C12E /* Page.h */ = {isa = PBXFileReference; fileEncoding = 4; lastKnownFileType = sourcecode.c.h; path = Page.h; sourceTree = "<group>"; };
		D31DB7F218A143260031C12E /* Page.m */ = {isa = PBXFileReference; fileEncoding = 4; lastKnownFileType = sourcecode.c.objc; path = Page.m; sourceTree = "<group>"; };
		D31DB7F718A144A30031C12E /* Question.h */ = {isa = PBXFileReference; fileEncoding = 4; lastKnownFileType = sourcecode.c.h; path = Question.h; sourceTree = "<group>"; };
		D31DB7F818A144A30031C12E /* Question.m */ = {isa = PBXFileReference; fileEncoding = 4; lastKnownFileType = sourcecode.c.objc; path = Question.m; sourceTree = "<group>"; };
		D31DB7FA18A1457E0031C12E /* MultipleChoice.h */ = {isa = PBXFileReference; fileEncoding = 4; lastKnownFileType = sourcecode.c.h; path = MultipleChoice.h; sourceTree = "<group>"; };
		D31DB7FB18A1457E0031C12E /* MultipleChoice.m */ = {isa = PBXFileReference; fileEncoding = 4; lastKnownFileType = sourcecode.c.objc; path = MultipleChoice.m; sourceTree = "<group>"; };
		D31DB7FD18A145BF0031C12E /* ContentItem.h */ = {isa = PBXFileReference; fileEncoding = 4; lastKnownFileType = sourcecode.c.h; path = ContentItem.h; sourceTree = "<group>"; };
		D31DB7FE18A145BF0031C12E /* ContentItem.m */ = {isa = PBXFileReference; fileEncoding = 4; lastKnownFileType = sourcecode.c.objc; path = ContentItem.m; sourceTree = "<group>"; };
		D31DB80018A1484B0031C12E /* MultipleChoiceOption.h */ = {isa = PBXFileReference; fileEncoding = 4; lastKnownFileType = sourcecode.c.h; path = MultipleChoiceOption.h; sourceTree = "<group>"; };
		D31DB80118A1484B0031C12E /* MultipleChoiceOption.m */ = {isa = PBXFileReference; fileEncoding = 4; lastKnownFileType = sourcecode.c.objc; path = MultipleChoiceOption.m; sourceTree = "<group>"; };
		D31DB80318A14C620031C12E /* Lesson+XMLModel.h */ = {isa = PBXFileReference; fileEncoding = 4; lastKnownFileType = sourcecode.c.h; path = "Lesson+XMLModel.h"; sourceTree = "<group>"; };
		D31DB80418A14C620031C12E /* Lesson+XMLModel.m */ = {isa = PBXFileReference; fileEncoding = 4; lastKnownFileType = sourcecode.c.objc; path = "Lesson+XMLModel.m"; sourceTree = "<group>"; };
		D31DB80618A14C710031C12E /* Quiz+XMLModel.h */ = {isa = PBXFileReference; fileEncoding = 4; lastKnownFileType = sourcecode.c.h; path = "Quiz+XMLModel.h"; sourceTree = "<group>"; };
		D31DB80718A14C710031C12E /* Quiz+XMLModel.m */ = {isa = PBXFileReference; fileEncoding = 4; lastKnownFileType = sourcecode.c.objc; path = "Quiz+XMLModel.m"; sourceTree = "<group>"; };
		D31DB80918A150760031C12E /* Media+XMLModel.h */ = {isa = PBXFileReference; fileEncoding = 4; lastKnownFileType = sourcecode.c.h; path = "Media+XMLModel.h"; sourceTree = "<group>"; };
		D31DB80A18A150760031C12E /* Media+XMLModel.m */ = {isa = PBXFileReference; fileEncoding = 4; lastKnownFileType = sourcecode.c.objc; path = "Media+XMLModel.m"; sourceTree = "<group>"; };
		D31DB80C18A1508A0031C12E /* Page+XMLModel.h */ = {isa = PBXFileReference; fileEncoding = 4; lastKnownFileType = sourcecode.c.h; path = "Page+XMLModel.h"; sourceTree = "<group>"; };
		D31DB80D18A1508A0031C12E /* Page+XMLModel.m */ = {isa = PBXFileReference; fileEncoding = 4; lastKnownFileType = sourcecode.c.objc; path = "Page+XMLModel.m"; sourceTree = "<group>"; };
		D31DB80F18A166620031C12E /* MultipleChoice+XMLModel.h */ = {isa = PBXFileReference; fileEncoding = 4; lastKnownFileType = sourcecode.c.h; path = "MultipleChoice+XMLModel.h"; sourceTree = "<group>"; };
		D31DB81018A166620031C12E /* MultipleChoice+XMLModel.m */ = {isa = PBXFileReference; fileEncoding = 4; lastKnownFileType = sourcecode.c.objc; path = "MultipleChoice+XMLModel.m"; sourceTree = "<group>"; };
		D31DB81218A167DA0031C12E /* MultipleChoiceOption+XMLModel.h */ = {isa = PBXFileReference; fileEncoding = 4; lastKnownFileType = sourcecode.c.h; path = "MultipleChoiceOption+XMLModel.h"; sourceTree = "<group>"; };
		D31DB81318A167DA0031C12E /* MultipleChoiceOption+XMLModel.m */ = {isa = PBXFileReference; fileEncoding = 4; lastKnownFileType = sourcecode.c.objc; path = "MultipleChoiceOption+XMLModel.m"; sourceTree = "<group>"; };
		D320D13418A539C60055D83D /* Banner.h */ = {isa = PBXFileReference; fileEncoding = 4; lastKnownFileType = sourcecode.c.h; path = Banner.h; sourceTree = "<group>"; };
		D320D13518A539C60055D83D /* Banner.m */ = {isa = PBXFileReference; fileEncoding = 4; lastKnownFileType = sourcecode.c.objc; path = Banner.m; sourceTree = "<group>"; };
		D320D13718A539C70055D83D /* Course.h */ = {isa = PBXFileReference; fileEncoding = 4; lastKnownFileType = sourcecode.c.h; path = Course.h; sourceTree = "<group>"; };
		D320D13818A539C70055D83D /* Course.m */ = {isa = PBXFileReference; fileEncoding = 4; lastKnownFileType = sourcecode.c.objc; path = Course.m; sourceTree = "<group>"; };
		D320D13A18A539DF0055D83D /* Banner+Ekko.h */ = {isa = PBXFileReference; fileEncoding = 4; lastKnownFileType = sourcecode.c.h; path = "Banner+Ekko.h"; sourceTree = "<group>"; };
		D320D13B18A539DF0055D83D /* Banner+Ekko.m */ = {isa = PBXFileReference; fileEncoding = 4; lastKnownFileType = sourcecode.c.objc; path = "Banner+Ekko.m"; sourceTree = "<group>"; };
		D320D13F18A5682E0055D83D /* Lesson+View.h */ = {isa = PBXFileReference; fileEncoding = 4; lastKnownFileType = sourcecode.c.h; path = "Lesson+View.h"; sourceTree = "<group>"; };
		D320D14018A5682E0055D83D /* Lesson+View.m */ = {isa = PBXFileReference; fileEncoding = 4; lastKnownFileType = sourcecode.c.objc; path = "Lesson+View.m"; sourceTree = "<group>"; };
		D320D14118A5682E0055D83D /* Manifest+View.h */ = {isa = PBXFileReference; fileEncoding = 4; lastKnownFileType = sourcecode.c.h; path = "Manifest+View.h"; sourceTree = "<group>"; };
		D320D14218A5682E0055D83D /* Manifest+View.m */ = {isa = PBXFileReference; fileEncoding = 4; lastKnownFileType = sourcecode.c.objc; path = "Manifest+View.m"; sourceTree = "<group>"; };
		D320D14318A5682E0055D83D /* Quiz+View.h */ = {isa = PBXFileReference; fileEncoding = 4; lastKnownFileType = sourcecode.c.h; path = "Quiz+View.h"; sourceTree = "<group>"; };
		D320D14418A5682E0055D83D /* Quiz+View.m */ = {isa = PBXFileReference; fileEncoding = 4; lastKnownFileType = sourcecode.c.objc; path = "Quiz+View.m"; sourceTree = "<group>"; };
		D320D14818A56BEC0055D83D /* CoreDataManager.h */ = {isa = PBXFileReference; fileEncoding = 4; lastKnownFileType = sourcecode.c.h; path = CoreDataManager.h; sourceTree = "<group>"; };
		D320D14918A56BEC0055D83D /* CoreDataManager.m */ = {isa = PBXFileReference; fileEncoding = 4; lastKnownFileType = sourcecode.c.objc; path = CoreDataManager.m; sourceTree = "<group>"; };
		D325766317F375E200447A2D /* ResourceManager.h */ = {isa = PBXFileReference; fileEncoding = 4; lastKnownFileType = sourcecode.c.h; path = ResourceManager.h; sourceTree = "<group>"; };
		D325766417F375E200447A2D /* ResourceManager.m */ = {isa = PBXFileReference; fileEncoding = 4; lastKnownFileType = sourcecode.c.objc; path = ResourceManager.m; sourceTree = "<group>"; };
		D32BBEB118A2DEDA006273A8 /* Permission.h */ = {isa = PBXFileReference; fileEncoding = 4; lastKnownFileType = sourcecode.c.h; path = Permission.h; sourceTree = "<group>"; };
		D32BBEB218A2DEDA006273A8 /* Permission.m */ = {isa = PBXFileReference; fileEncoding = 4; lastKnownFileType = sourcecode.c.objc; path = Permission.m; sourceTree = "<group>"; };
		D32BBEB418A2DF0D006273A8 /* Permission+XMLModel.h */ = {isa = PBXFileReference; fileEncoding = 4; lastKnownFileType = sourcecode.c.h; path = "Permission+XMLModel.h"; sourceTree = "<group>"; };
		D32BBEB518A2DF0D006273A8 /* Permission+XMLModel.m */ = {isa = PBXFileReference; fileEncoding = 4; lastKnownFileType = sourcecode.c.objc; path = "Permission+XMLModel.m"; sourceTree = "<group>"; };
		D33072301807227E00EDD036 /* QuizCompleteViewController.h */ = {isa = PBXFileReference; fileEncoding = 4; lastKnownFileType = sourcecode.c.h; path = QuizCompleteViewController.h; sourceTree = "<group>"; };
		D33072311807227E00EDD036 /* QuizCompleteViewController.m */ = {isa = PBXFileReference; fileEncoding = 4; lastKnownFileType = sourcecode.c.objc; path = QuizCompleteViewController.m; sourceTree = "<group>"; };
		D33072331807349B00EDD036 /* QuizManager.h */ = {isa = PBXFileReference; fileEncoding = 4; lastKnownFileType = sourcecode.c.h; path = QuizManager.h; sourceTree = "<group>"; };
		D33072341807349B00EDD036 /* QuizManager.m */ = {isa = PBXFileReference; fileEncoding = 4; lastKnownFileType = sourcecode.c.objc; path = QuizManager.m; sourceTree = "<group>"; };
		D3349948189C05F700DCBF0A /* Manifest+XMLModel.h */ = {isa = PBXFileReference; fileEncoding = 4; lastKnownFileType = sourcecode.c.h; path = "Manifest+XMLModel.h"; sourceTree = "<group>"; };
		D3349949189C05F700DCBF0A /* Manifest+XMLModel.m */ = {isa = PBXFileReference; fileEncoding = 4; lastKnownFileType = sourcecode.c.objc; path = "Manifest+XMLModel.m"; sourceTree = "<group>"; };
		D334994B189C06AF00DCBF0A /* EkkoXMLModel.h */ = {isa = PBXFileReference; fileEncoding = 4; lastKnownFileType = sourcecode.c.h; path = EkkoXMLModel.h; sourceTree = "<group>"; };
		D334994C189C072000DCBF0A /* EkkoXMLParser.h */ = {isa = PBXFileReference; fileEncoding = 4; lastKnownFileType = sourcecode.c.h; path = EkkoXMLParser.h; sourceTree = "<group>"; };
		D334994D189C072000DCBF0A /* EkkoXMLParser.m */ = {isa = PBXFileReference; fileEncoding = 4; lastKnownFileType = sourcecode.c.objc; path = EkkoXMLParser.m; sourceTree = "<group>"; };
		D334994F189C07B100DCBF0A /* ManifestXMLParser.h */ = {isa = PBXFileReference; fileEncoding = 4; lastKnownFileType = sourcecode.c.h; path = ManifestXMLParser.h; sourceTree = "<group>"; };
		D3349950189C07B100DCBF0A /* ManifestXMLParser.m */ = {isa = PBXFileReference; fileEncoding = 4; lastKnownFileType = sourcecode.c.objc; path = ManifestXMLParser.m; sourceTree = "<group>"; };
		D3375AE118106BAC00BAB134 /* AboutEkkoViewController.h */ = {isa = PBXFileReference; fileEncoding = 4; lastKnownFileType = sourcecode.c.h; path = AboutEkkoViewController.h; sourceTree = "<group>"; };
		D3375AE218106BAC00BAB134 /* AboutEkkoViewController.m */ = {isa = PBXFileReference; fileEncoding = 4; lastKnownFileType = sourcecode.c.objc; path = AboutEkkoViewController.m; sourceTree = "<group>"; };
		D3375AE418106C9500BAB134 /* AboutEkko.html */ = {isa = PBXFileReference; fileEncoding = 4; lastKnownFileType = text.html; path = AboutEkko.html; sourceTree = "<group>"; };
		D3401EB918E32C09002A76F9 /* Lesson+Progress.h */ = {isa = PBXFileReference; fileEncoding = 4; lastKnownFileType = sourcecode.c.h; path = "Lesson+Progress.h"; sourceTree = "<group>"; };
		D3401EBA18E32C09002A76F9 /* Lesson+Progress.m */ = {isa = PBXFileReference; fileEncoding = 4; lastKnownFileType = sourcecode.c.objc; path = "Lesson+Progress.m"; sourceTree = "<group>"; };
		D3401EBC18E33002002A76F9 /* Quiz+Progress.h */ = {isa = PBXFileReference; fileEncoding = 4; lastKnownFileType = sourcecode.c.h; path = "Quiz+Progress.h"; sourceTree = "<group>"; };
		D3401EBD18E33002002A76F9 /* Quiz+Progress.m */ = {isa = PBXFileReference; fileEncoding = 4; lastKnownFileType = sourcecode.c.objc; path = "Quiz+Progress.m"; sourceTree = "<group>"; };
		D34B33FC18AAA31800A2C46B /* UIImageView+Resource.h */ = {isa = PBXFileReference; fileEncoding = 4; lastKnownFileType = sourcecode.c.h; path = "UIImageView+Resource.h"; sourceTree = "<group>"; };
		D34B33FD18AAA31800A2C46B /* UIImageView+Resource.m */ = {isa = PBXFileReference; fileEncoding = 4; lastKnownFileType = sourcecode.c.objc; path = "UIImageView+Resource.m"; sourceTree = "<group>"; };
		D3553042189A92E8002C3AB2 /* ManifestManager.h */ = {isa = PBXFileReference; fileEncoding = 4; lastKnownFileType = sourcecode.c.h; path = ManifestManager.h; sourceTree = "<group>"; };
		D3553043189A92E8002C3AB2 /* ManifestManager.m */ = {isa = PBXFileReference; fileEncoding = 4; lastKnownFileType = sourcecode.c.objc; path = ManifestManager.m; sourceTree = "<group>"; };
		D3553049189AA681002C3AB2 /* ArclightClient.h */ = {isa = PBXFileReference; fileEncoding = 4; lastKnownFileType = sourcecode.c.h; path = ArclightClient.h; sourceTree = "<group>"; };
		D355304A189AA681002C3AB2 /* ArclightClient.m */ = {isa = PBXFileReference; fileEncoding = 4; lastKnownFileType = sourcecode.c.objc; path = ArclightClient.m; sourceTree = "<group>"; };
		D355304B189AA681002C3AB2 /* EkkoCloudClient.h */ = {isa = PBXFileReference; fileEncoding = 4; lastKnownFileType = sourcecode.c.h; path = EkkoCloudClient.h; sourceTree = "<group>"; };
		D355304C189AA681002C3AB2 /* EkkoCloudClient.m */ = {isa = PBXFileReference; fileEncoding = 4; lastKnownFileType = sourcecode.c.objc; path = EkkoCloudClient.m; sourceTree = "<group>"; };
		D355304D189AA681002C3AB2 /* HTTPClient.h */ = {isa = PBXFileReference; fileEncoding = 4; lastKnownFileType = sourcecode.c.h; path = HTTPClient.h; sourceTree = "<group>"; };
		D355304E189AA681002C3AB2 /* HTTPClient.m */ = {isa = PBXFileReference; fileEncoding = 4; lastKnownFileType = sourcecode.c.objc; path = HTTPClient.m; sourceTree = "<group>"; };
		D3553052189AA891002C3AB2 /* Manifest.h */ = {isa = PBXFileReference; fileEncoding = 4; lastKnownFileType = sourcecode.c.h; path = Manifest.h; sourceTree = "<group>"; };
		D3553053189AA891002C3AB2 /* Manifest.m */ = {isa = PBXFileReference; fileEncoding = 4; lastKnownFileType = sourcecode.c.objc; path = Manifest.m; sourceTree = "<group>"; };
		D35885C518EDF79000067A3C /* en */ = {isa = PBXFileReference; lastKnownFileType = text.plist.strings; name = en; path = en.lproj/Localizable.strings; sourceTree = "<group>"; };
		D359FEE517EC967D007A095B /* CoreData.framework */ = {isa = PBXFileReference; lastKnownFileType = wrapper.framework; name = CoreData.framework; path = System/Library/Frameworks/CoreData.framework; sourceTree = SDKROOT; };
		D359FEE717EC968C007A095B /* QuartzCore.framework */ = {isa = PBXFileReference; lastKnownFileType = wrapper.framework; name = QuartzCore.framework; path = System/Library/Frameworks/QuartzCore.framework; sourceTree = SDKROOT; };
		D359FF1017EC96FE007A095B /* AppDelegate.h */ = {isa = PBXFileReference; fileEncoding = 4; lastKnownFileType = sourcecode.c.h; path = AppDelegate.h; sourceTree = "<group>"; };
		D359FF1117EC96FE007A095B /* AppDelegate.m */ = {isa = PBXFileReference; fileEncoding = 4; lastKnownFileType = sourcecode.c.objc; path = AppDelegate.m; sourceTree = "<group>"; };
		D359FF3B17EC96FE007A095B /* Course+Ekko.h */ = {isa = PBXFileReference; fileEncoding = 4; lastKnownFileType = sourcecode.c.h; path = "Course+Ekko.h"; sourceTree = "<group>"; };
		D359FF3C17EC96FE007A095B /* Course+Ekko.m */ = {isa = PBXFileReference; fileEncoding = 4; lastKnownFileType = sourcecode.c.objc; path = "Course+Ekko.m"; sourceTree = "<group>"; };
		D359FF5A17EC96FE007A095B /* NSString+MD5.h */ = {isa = PBXFileReference; fileEncoding = 4; lastKnownFileType = sourcecode.c.h; path = "NSString+MD5.h"; sourceTree = "<group>"; };
		D359FF5B17EC96FE007A095B /* NSString+MD5.m */ = {isa = PBXFileReference; fileEncoding = 4; lastKnownFileType = sourcecode.c.objc; path = "NSString+MD5.m"; sourceTree = "<group>"; };
		D359FF5E17EC96FE007A095B /* UIColor+Ekko.h */ = {isa = PBXFileReference; fileEncoding = 4; lastKnownFileType = sourcecode.c.h; path = "UIColor+Ekko.h"; sourceTree = "<group>"; };
		D359FF5F17EC96FE007A095B /* UIColor+Ekko.m */ = {isa = PBXFileReference; fileEncoding = 4; lastKnownFileType = sourcecode.c.objc; path = "UIColor+Ekko.m"; sourceTree = "<group>"; };
		D359FF6017EC96FE007A095B /* UIImage+Ekko.h */ = {isa = PBXFileReference; fileEncoding = 4; lastKnownFileType = sourcecode.c.h; path = "UIImage+Ekko.h"; sourceTree = "<group>"; };
		D359FF6117EC96FE007A095B /* UIImage+Ekko.m */ = {isa = PBXFileReference; fileEncoding = 4; lastKnownFileType = sourcecode.c.objc; path = "UIImage+Ekko.m"; sourceTree = "<group>"; };
		D359FF6217EC96FE007A095B /* URLUtils.h */ = {isa = PBXFileReference; fileEncoding = 4; lastKnownFileType = sourcecode.c.h; path = URLUtils.h; sourceTree = "<group>"; };
		D359FF6317EC96FE007A095B /* URLUtils.m */ = {isa = PBXFileReference; fileEncoding = 4; lastKnownFileType = sourcecode.c.objc; path = URLUtils.m; sourceTree = "<group>"; };
		D359FF6717EC96FE007A095B /* CoreDataTableViewController.h */ = {isa = PBXFileReference; fileEncoding = 4; lastKnownFileType = sourcecode.c.h; path = CoreDataTableViewController.h; sourceTree = "<group>"; };
		D359FF6817EC96FE007A095B /* CoreDataTableViewController.m */ = {isa = PBXFileReference; fileEncoding = 4; lastKnownFileType = sourcecode.c.objc; path = CoreDataTableViewController.m; sourceTree = "<group>"; };
		D359FF6A17EC96FE007A095B /* ContentItemProtocol.h */ = {isa = PBXFileReference; fileEncoding = 4; lastKnownFileType = sourcecode.c.h; path = ContentItemProtocol.h; sourceTree = "<group>"; };
		D359FF6B17EC96FE007A095B /* CourseNavigationBar.h */ = {isa = PBXFileReference; fileEncoding = 4; lastKnownFileType = sourcecode.c.h; path = CourseNavigationBar.h; sourceTree = "<group>"; };
		D359FF6C17EC96FE007A095B /* CourseNavigationBar.m */ = {isa = PBXFileReference; fileEncoding = 4; lastKnownFileType = sourcecode.c.objc; path = CourseNavigationBar.m; sourceTree = "<group>"; };
		D359FF6D17EC96FE007A095B /* CourseViewController.h */ = {isa = PBXFileReference; fileEncoding = 4; lastKnownFileType = sourcecode.c.h; path = CourseViewController.h; sourceTree = "<group>"; };
		D359FF6E17EC96FE007A095B /* CourseViewController.m */ = {isa = PBXFileReference; fileEncoding = 4; lastKnownFileType = sourcecode.c.objc; path = CourseViewController.m; sourceTree = "<group>"; };
		D359FF7017EC96FE007A095B /* LessonViewController.h */ = {isa = PBXFileReference; fileEncoding = 4; lastKnownFileType = sourcecode.c.h; path = LessonViewController.h; sourceTree = "<group>"; };
		D359FF7117EC96FE007A095B /* LessonViewController.m */ = {isa = PBXFileReference; fileEncoding = 4; lastKnownFileType = sourcecode.c.objc; path = LessonViewController.m; sourceTree = "<group>"; };
		D359FF7217EC96FE007A095B /* MediaViewController.h */ = {isa = PBXFileReference; fileEncoding = 4; lastKnownFileType = sourcecode.c.h; path = MediaViewController.h; sourceTree = "<group>"; };
		D359FF7317EC96FE007A095B /* MediaViewController.m */ = {isa = PBXFileReference; fileEncoding = 4; lastKnownFileType = sourcecode.c.objc; path = MediaViewController.m; sourceTree = "<group>"; };
		D359FF7417EC96FE007A095B /* PageViewController.h */ = {isa = PBXFileReference; fileEncoding = 4; lastKnownFileType = sourcecode.c.h; path = PageViewController.h; sourceTree = "<group>"; };
		D359FF7517EC96FE007A095B /* PageViewController.m */ = {isa = PBXFileReference; fileEncoding = 4; lastKnownFileType = sourcecode.c.objc; path = PageViewController.m; sourceTree = "<group>"; };
		D359FF7817EC96FE007A095B /* MultipleChoiceOptionCell.h */ = {isa = PBXFileReference; fileEncoding = 4; lastKnownFileType = sourcecode.c.h; path = MultipleChoiceOptionCell.h; sourceTree = "<group>"; };
		D359FF7917EC96FE007A095B /* MultipleChoiceOptionCell.m */ = {isa = PBXFileReference; fileEncoding = 4; lastKnownFileType = sourcecode.c.objc; path = MultipleChoiceOptionCell.m; sourceTree = "<group>"; };
		D359FF7A17EC96FE007A095B /* MultipleChoiceViewController.h */ = {isa = PBXFileReference; fileEncoding = 4; lastKnownFileType = sourcecode.c.h; path = MultipleChoiceViewController.h; sourceTree = "<group>"; };
		D359FF7B17EC96FE007A095B /* MultipleChoiceViewController.m */ = {isa = PBXFileReference; fileEncoding = 4; lastKnownFileType = sourcecode.c.objc; path = MultipleChoiceViewController.m; sourceTree = "<group>"; };
		D359FF7C17EC96FE007A095B /* QuizProtocol.h */ = {isa = PBXFileReference; fileEncoding = 4; lastKnownFileType = sourcecode.c.h; path = QuizProtocol.h; sourceTree = "<group>"; };
		D359FF7D17EC96FE007A095B /* QuizViewController.h */ = {isa = PBXFileReference; fileEncoding = 4; lastKnownFileType = sourcecode.c.h; path = QuizViewController.h; sourceTree = "<group>"; };
		D359FF7E17EC96FE007A095B /* QuizViewController.m */ = {isa = PBXFileReference; fileEncoding = 4; lastKnownFileType = sourcecode.c.objc; path = QuizViewController.m; sourceTree = "<group>"; };
		D359FF8017EC96FE007A095B /* CourseListCell.h */ = {isa = PBXFileReference; fileEncoding = 4; lastKnownFileType = sourcecode.c.h; path = CourseListCell.h; sourceTree = "<group>"; };
		D359FF8117EC96FE007A095B /* CourseListCell.m */ = {isa = PBXFileReference; fileEncoding = 4; lastKnownFileType = sourcecode.c.objc; path = CourseListCell.m; sourceTree = "<group>"; };
		D359FF8217EC96FE007A095B /* CourseListViewController.h */ = {isa = PBXFileReference; fileEncoding = 4; lastKnownFileType = sourcecode.c.h; path = CourseListViewController.h; sourceTree = "<group>"; };
		D359FF8317EC96FE007A095B /* CourseListViewController.m */ = {isa = PBXFileReference; fileEncoding = 4; lastKnownFileType = sourcecode.c.objc; path = CourseListViewController.m; sourceTree = "<group>"; };
		D359FF8417EC96FE007A095B /* DrawerViewController.h */ = {isa = PBXFileReference; fileEncoding = 4; lastKnownFileType = sourcecode.c.h; path = DrawerViewController.h; sourceTree = "<group>"; };
		D359FF8517EC96FE007A095B /* DrawerViewController.m */ = {isa = PBXFileReference; fileEncoding = 4; lastKnownFileType = sourcecode.c.objc; path = DrawerViewController.m; sourceTree = "<group>"; };
		D359FF8917EC96FE007A095B /* SwipeViewController.h */ = {isa = PBXFileReference; fileEncoding = 4; lastKnownFileType = sourcecode.c.h; path = SwipeViewController.h; sourceTree = "<group>"; };
		D359FF8A17EC96FE007A095B /* SwipeViewController.m */ = {isa = PBXFileReference; fileEncoding = 4; lastKnownFileType = sourcecode.c.objc; path = SwipeViewController.m; sourceTree = "<group>"; };
		D359FF8B17EC96FE007A095B /* UIViewController+SwipeViewController.h */ = {isa = PBXFileReference; fileEncoding = 4; lastKnownFileType = sourcecode.c.h; path = "UIViewController+SwipeViewController.h"; sourceTree = "<group>"; };
		D359FF8C17EC96FE007A095B /* UIViewController+SwipeViewController.m */ = {isa = PBXFileReference; fileEncoding = 4; lastKnownFileType = sourcecode.c.objc; path = "UIViewController+SwipeViewController.m"; sourceTree = "<group>"; };
		D359FFDE17EC9978007A095B /* Ekko.xcdatamodel */ = {isa = PBXFileReference; lastKnownFileType = wrapper.xcdatamodel; path = Ekko.xcdatamodel; sourceTree = "<group>"; };
		D359FFEB17EC9D98007A095B /* Main_iPad.storyboard */ = {isa = PBXFileReference; fileEncoding = 4; lastKnownFileType = file.storyboard; path = Main_iPad.storyboard; sourceTree = "<group>"; };
		D35B6CC6180EECC200670090 /* CFNetwork.framework */ = {isa = PBXFileReference; lastKnownFileType = wrapper.framework; name = CFNetwork.framework; path = System/Library/Frameworks/CFNetwork.framework; sourceTree = SDKROOT; };
		D36B176817F09A4500EFFD86 /* MediaPlayer.framework */ = {isa = PBXFileReference; lastKnownFileType = wrapper.framework; name = MediaPlayer.framework; path = System/Library/Frameworks/MediaPlayer.framework; sourceTree = SDKROOT; };
		D3908D7818DCBD9D00F8C3A5 /* Manifest+Progress.h */ = {isa = PBXFileReference; fileEncoding = 4; lastKnownFileType = sourcecode.c.h; path = "Manifest+Progress.h"; sourceTree = "<group>"; };
		D3908D7918DCBD9D00F8C3A5 /* Manifest+Progress.m */ = {isa = PBXFileReference; fileEncoding = 4; lastKnownFileType = sourcecode.c.objc; path = "Manifest+Progress.m"; sourceTree = "<group>"; };
		D397E56F1822CDE500D9FFF3 /* UIWebView+Ekko.h */ = {isa = PBXFileReference; fileEncoding = 4; lastKnownFileType = sourcecode.c.h; path = "UIWebView+Ekko.h"; sourceTree = "<group>"; };
		D397E5701822CDE500D9FFF3 /* UIWebView+Ekko.m */ = {isa = PBXFileReference; fileEncoding = 4; lastKnownFileType = sourcecode.c.objc; path = "UIWebView+Ekko.m"; sourceTree = "<group>"; };
		D3B1910F18A92B7C009C749F /* CoreDataXMLParser.h */ = {isa = PBXFileReference; fileEncoding = 4; lastKnownFileType = sourcecode.c.h; path = CoreDataXMLParser.h; sourceTree = "<group>"; };
		D3B1911018A92B7C009C749F /* CoreDataXMLParser.m */ = {isa = PBXFileReference; fileEncoding = 4; lastKnownFileType = sourcecode.c.objc; path = CoreDataXMLParser.m; sourceTree = "<group>"; };
		D3BAC3D71836C2E400EDE24A /* EkkoLoginViewController.h */ = {isa = PBXFileReference; fileEncoding = 4; lastKnownFileType = sourcecode.c.h; path = EkkoLoginViewController.h; sourceTree = "<group>"; };
		D3BAC3D81836C2E400EDE24A /* EkkoLoginViewController.m */ = {isa = PBXFileReference; fileEncoding = 4; lastKnownFileType = sourcecode.c.objc; path = EkkoLoginViewController.m; sourceTree = "<group>"; };
		D3BAC3D91836C2E400EDE24A /* EkkoLoginViewController.xib */ = {isa = PBXFileReference; fileEncoding = 4; lastKnownFileType = file.xib; path = EkkoLoginViewController.xib; sourceTree = "<group>"; };
		D3C0FB4B189FE92E00C86039 /* Resource.h */ = {isa = PBXFileReference; fileEncoding = 4; lastKnownFileType = sourcecode.c.h; path = Resource.h; sourceTree = "<group>"; };
		D3C0FB4C189FE92E00C86039 /* Resource.m */ = {isa = PBXFileReference; fileEncoding = 4; lastKnownFileType = sourcecode.c.objc; path = Resource.m; sourceTree = "<group>"; };
		D3C0FB4E189FEBC000C86039 /* Resource+XMLModel.h */ = {isa = PBXFileReference; fileEncoding = 4; lastKnownFileType = sourcecode.c.h; path = "Resource+XMLModel.h"; sourceTree = "<group>"; };
		D3C0FB4F189FEBC000C86039 /* Resource+XMLModel.m */ = {isa = PBXFileReference; fileEncoding = 4; lastKnownFileType = sourcecode.c.objc; path = "Resource+XMLModel.m"; sourceTree = "<group>"; };
		D3C0FB5B18A01C6600C86039 /* CourseManager.h */ = {isa = PBXFileReference; fileEncoding = 4; lastKnownFileType = sourcecode.c.h; path = CourseManager.h; sourceTree = "<group>"; };
		D3C0FB5C18A01C6600C86039 /* CourseManager.m */ = {isa = PBXFileReference; fileEncoding = 4; lastKnownFileType = sourcecode.c.objc; path = CourseManager.m; sourceTree = "<group>"; };
		D3C0FB5E18A01DC200C86039 /* CoursesXMLParser.h */ = {isa = PBXFileReference; fileEncoding = 4; lastKnownFileType = sourcecode.c.h; path = CoursesXMLParser.h; sourceTree = "<group>"; };
		D3C0FB5F18A01DC200C86039 /* CoursesXMLParser.m */ = {isa = PBXFileReference; fileEncoding = 4; lastKnownFileType = sourcecode.c.objc; path = CoursesXMLParser.m; sourceTree = "<group>"; };
		D3C0FB6118A01DEE00C86039 /* CourseXMLParser.h */ = {isa = PBXFileReference; fileEncoding = 4; lastKnownFileType = sourcecode.c.h; path = CourseXMLParser.h; sourceTree = "<group>"; };
		D3C0FB6218A01DEE00C86039 /* CourseXMLParser.m */ = {isa = PBXFileReference; fileEncoding = 4; lastKnownFileType = sourcecode.c.objc; path = CourseXMLParser.m; sourceTree = "<group>"; };
		D3C0FB6718A01EA500C86039 /* Course+XMLModel.h */ = {isa = PBXFileReference; fileEncoding = 4; lastKnownFileType = sourcecode.c.h; path = "Course+XMLModel.h"; sourceTree = "<group>"; };
		D3C0FB6818A01EA500C86039 /* Course+XMLModel.m */ = {isa = PBXFileReference; fileEncoding = 4; lastKnownFileType = sourcecode.c.objc; path = "Course+XMLModel.m"; sourceTree = "<group>"; };
		D3DBC62618E1D92A001C578D /* ProgressItem.h */ = {isa = PBXFileReference; fileEncoding = 4; lastKnownFileType = sourcecode.c.h; path = ProgressItem.h; sourceTree = "<group>"; };
		D3DBC62718E1D92A001C578D /* ProgressItem.m */ = {isa = PBXFileReference; fileEncoding = 4; lastKnownFileType = sourcecode.c.objc; path = ProgressItem.m; sourceTree = "<group>"; };
		D3DBC62918E1FE88001C578D /* Answer.h */ = {isa = PBXFileReference; fileEncoding = 4; lastKnownFileType = sourcecode.c.h; path = Answer.h; sourceTree = "<group>"; };
		D3DBC62A18E1FE88001C578D /* Answer.m */ = {isa = PBXFileReference; fileEncoding = 4; lastKnownFileType = sourcecode.c.objc; path = Answer.m; sourceTree = "<group>"; };
		D3E61B2C180C5EDA00145E50 /* CourseDrawerViewController.h */ = {isa = PBXFileReference; fileEncoding = 4; lastKnownFileType = sourcecode.c.h; path = CourseDrawerViewController.h; sourceTree = "<group>"; };
		D3E61B2D180C5EDA00145E50 /* CourseDrawerViewController.m */ = {isa = PBXFileReference; fileEncoding = 4; lastKnownFileType = sourcecode.c.objc; path = CourseDrawerViewController.m; sourceTree = "<group>"; };
		D3E61B32180C60C900145E50 /* CourseDrawerMediaCell.h */ = {isa = PBXFileReference; fileEncoding = 4; lastKnownFileType = sourcecode.c.h; path = CourseDrawerMediaCell.h; sourceTree = "<group>"; };
		D3E61B33180C60C900145E50 /* CourseDrawerMediaCell.m */ = {isa = PBXFileReference; fileEncoding = 4; lastKnownFileType = sourcecode.c.objc; path = CourseDrawerMediaCell.m; sourceTree = "<group>"; };
		D3F2EFFD17EC904800F32F52 /* Ekko.app */ = {isa = PBXFileReference; explicitFileType = wrapper.application; includeInIndex = 0; path = Ekko.app; sourceTree = BUILT_PRODUCTS_DIR; };
		D3F2F00017EC904800F32F52 /* Foundation.framework */ = {isa = PBXFileReference; lastKnownFileType = wrapper.framework; name = Foundation.framework; path = System/Library/Frameworks/Foundation.framework; sourceTree = SDKROOT; };
		D3F2F00217EC904800F32F52 /* CoreGraphics.framework */ = {isa = PBXFileReference; lastKnownFileType = wrapper.framework; name = CoreGraphics.framework; path = System/Library/Frameworks/CoreGraphics.framework; sourceTree = SDKROOT; };
		D3F2F00417EC904800F32F52 /* UIKit.framework */ = {isa = PBXFileReference; lastKnownFileType = wrapper.framework; name = UIKit.framework; path = System/Library/Frameworks/UIKit.framework; sourceTree = SDKROOT; };
		D3F2F00817EC904800F32F52 /* Ekko-Info.plist */ = {isa = PBXFileReference; lastKnownFileType = text.plist.xml; path = "Ekko-Info.plist"; sourceTree = "<group>"; };
		D3F2F00A17EC904800F32F52 /* en */ = {isa = PBXFileReference; lastKnownFileType = text.plist.strings; name = en; path = en.lproj/InfoPlist.strings; sourceTree = "<group>"; };
		D3F2F00C17EC904800F32F52 /* main.m */ = {isa = PBXFileReference; lastKnownFileType = sourcecode.c.objc; path = main.m; sourceTree = "<group>"; };
		D3F2F00E17EC904800F32F52 /* Ekko-Prefix.pch */ = {isa = PBXFileReference; lastKnownFileType = sourcecode.c.h; path = "Ekko-Prefix.pch"; sourceTree = "<group>"; };
		D3F2F02117EC904800F32F52 /* EkkoTests.xctest */ = {isa = PBXFileReference; explicitFileType = wrapper.cfbundle; includeInIndex = 0; path = EkkoTests.xctest; sourceTree = BUILT_PRODUCTS_DIR; };
		D3F2F02217EC904800F32F52 /* XCTest.framework */ = {isa = PBXFileReference; lastKnownFileType = wrapper.framework; name = XCTest.framework; path = Library/Frameworks/XCTest.framework; sourceTree = DEVELOPER_DIR; };
		D3F2F02A17EC904800F32F52 /* EkkoTests-Info.plist */ = {isa = PBXFileReference; lastKnownFileType = text.plist.xml; path = "EkkoTests-Info.plist"; sourceTree = "<group>"; };
		D3F2F02C17EC904800F32F52 /* en */ = {isa = PBXFileReference; lastKnownFileType = text.plist.strings; name = en; path = en.lproj/InfoPlist.strings; sourceTree = "<group>"; };
		D3F2F02E17EC904800F32F52 /* EkkoTests.m */ = {isa = PBXFileReference; lastKnownFileType = sourcecode.c.objc; path = EkkoTests.m; sourceTree = "<group>"; };
		D3F9DA2717ECB9620039B0AC /* Images.xcassets */ = {isa = PBXFileReference; lastKnownFileType = folder.assetcatalog; path = Images.xcassets; sourceTree = "<group>"; };
		D3FB3C9B180482A80051642F /* CourseCompleteViewController.h */ = {isa = PBXFileReference; fileEncoding = 4; lastKnownFileType = sourcecode.c.h; path = CourseCompleteViewController.h; sourceTree = "<group>"; };
		D3FB3C9C180482A80051642F /* CourseCompleteViewController.m */ = {isa = PBXFileReference; fileEncoding = 4; lastKnownFileType = sourcecode.c.objc; path = CourseCompleteViewController.m; sourceTree = "<group>"; };
		D3FB3CA118049EAC0051642F /* bg_ekko_quiz@2x.png */ = {isa = PBXFileReference; lastKnownFileType = image.png; path = "bg_ekko_quiz@2x.png"; sourceTree = "<group>"; };
/* End PBXFileReference section */

/* Begin PBXFrameworksBuildPhase section */
		D3F2EFFA17EC904800F32F52 /* Frameworks */ = {
			isa = PBXFrameworksBuildPhase;
			buildActionMask = 2147483647;
			files = (
				D35B6CC7180EECC200670090 /* CFNetwork.framework in Frameworks */,
				D36B176917F09A4500EFFD86 /* MediaPlayer.framework in Frameworks */,
				D359FEE817EC968C007A095B /* QuartzCore.framework in Frameworks */,
				D359FEE617EC967D007A095B /* CoreData.framework in Frameworks */,
				D3F2F00317EC904800F32F52 /* CoreGraphics.framework in Frameworks */,
				D3F2F00517EC904800F32F52 /* UIKit.framework in Frameworks */,
				D3F2F00117EC904800F32F52 /* Foundation.framework in Frameworks */,
				4C85D52A007C4009B2A96FD0 /* libPods.a in Frameworks */,
			);
			runOnlyForDeploymentPostprocessing = 0;
		};
		D3F2F01E17EC904800F32F52 /* Frameworks */ = {
			isa = PBXFrameworksBuildPhase;
			buildActionMask = 2147483647;
			files = (
				D3F2F02317EC904800F32F52 /* XCTest.framework in Frameworks */,
				D3F2F02517EC904800F32F52 /* UIKit.framework in Frameworks */,
				D3F2F02417EC904800F32F52 /* Foundation.framework in Frameworks */,
			);
			runOnlyForDeploymentPostprocessing = 0;
		};
/* End PBXFrameworksBuildPhase section */

/* Begin PBXGroup section */
		D303D87D180DB0FE0065B920 /* NavigationDrawer */ = {
			isa = PBXGroup;
			children = (
				D303D87E180DB1130065B920 /* NavigationDrawerViewController.h */,
				D303D87F180DB1130065B920 /* NavigationDrawerViewController.m */,
			);
			path = NavigationDrawer;
			sourceTree = "<group>";
		};
		D31CCB7C189965BC00E3B303 /* XML */ = {
			isa = PBXGroup;
			children = (
				D3B1910F18A92B7C009C749F /* CoreDataXMLParser.h */,
				D3B1911018A92B7C009C749F /* CoreDataXMLParser.m */,
				D31CCB7D1899662900E3B303 /* EkkoCloudXMLConstants.h */,
				D31CCB7E1899662900E3B303 /* EkkoCloudXMLConstants.m */,
				D334994B189C06AF00DCBF0A /* EkkoXMLModel.h */,
				D334994C189C072000DCBF0A /* EkkoXMLParser.h */,
				D334994D189C072000DCBF0A /* EkkoXMLParser.m */,
				D31DB81518A16A110031C12E /* Parsers */,
			);
			path = XML;
			sourceTree = "<group>";
		};
		D31CCB801899699600E3B303 /* Managers */ = {
			isa = PBXGroup;
			children = (
				D320D14818A56BEC0055D83D /* CoreDataManager.h */,
				D320D14918A56BEC0055D83D /* CoreDataManager.m */,
				D3C0FB5B18A01C6600C86039 /* CourseManager.h */,
				D3C0FB5C18A01C6600C86039 /* CourseManager.m */,
				D3553042189A92E8002C3AB2 /* ManifestManager.h */,
				D3553043189A92E8002C3AB2 /* ManifestManager.m */,
				D312A03618DA0CCA0045C5DE /* ProgressManager.h */,
				D312A03718DA0CCA0045C5DE /* ProgressManager.m */,
				D33072331807349B00EDD036 /* QuizManager.h */,
				D33072341807349B00EDD036 /* QuizManager.m */,
				D325766317F375E200447A2D /* ResourceManager.h */,
				D325766417F375E200447A2D /* ResourceManager.m */,
			);
			path = Managers;
			sourceTree = "<group>";
		};
		D31DB81518A16A110031C12E /* Parsers */ = {
			isa = PBXGroup;
			children = (
				D3C0FB5E18A01DC200C86039 /* CoursesXMLParser.h */,
				D3C0FB5F18A01DC200C86039 /* CoursesXMLParser.m */,
				D3C0FB6118A01DEE00C86039 /* CourseXMLParser.h */,
				D3C0FB6218A01DEE00C86039 /* CourseXMLParser.m */,
				D334994F189C07B100DCBF0A /* ManifestXMLParser.h */,
				D3349950189C07B100DCBF0A /* ManifestXMLParser.m */,
			);
			path = Parsers;
			sourceTree = "<group>";
		};
		D320D13E18A5682E0055D83D /* View */ = {
			isa = PBXGroup;
			children = (
				D320D13F18A5682E0055D83D /* Lesson+View.h */,
				D320D14018A5682E0055D83D /* Lesson+View.m */,
				D320D14118A5682E0055D83D /* Manifest+View.h */,
				D320D14218A5682E0055D83D /* Manifest+View.m */,
				D320D14318A5682E0055D83D /* Quiz+View.h */,
				D320D14418A5682E0055D83D /* Quiz+View.m */,
			);
			path = View;
			sourceTree = "<group>";
		};
		D3375AE018106B9400BAB134 /* Settings */ = {
			isa = PBXGroup;
			children = (
				D3375AE118106BAC00BAB134 /* AboutEkkoViewController.h */,
				D3375AE218106BAC00BAB134 /* AboutEkkoViewController.m */,
			);
			path = Settings;
			sourceTree = "<group>";
		};
		D3553048189AA5CC002C3AB2 /* Clients */ = {
			isa = PBXGroup;
			children = (
				D3553049189AA681002C3AB2 /* ArclightClient.h */,
				D355304A189AA681002C3AB2 /* ArclightClient.m */,
				D355304B189AA681002C3AB2 /* EkkoCloudClient.h */,
				D355304C189AA681002C3AB2 /* EkkoCloudClient.m */,
				D355304D189AA681002C3AB2 /* HTTPClient.h */,
				D355304E189AA681002C3AB2 /* HTTPClient.m */,
			);
			path = Clients;
			sourceTree = "<group>";
		};
		D359FF1217EC96FE007A095B /* Assets */ = {
			isa = PBXGroup;
			children = (
				D3375AE418106C9500BAB134 /* AboutEkko.html */,
				D3FB3CA118049EAC0051642F /* bg_ekko_quiz@2x.png */,
			);
			path = Assets;
			sourceTree = "<group>";
		};
		D359FF1E17EC96FE007A095B /* Models */ = {
			isa = PBXGroup;
			children = (
				D3908D7718DCBD7B00F8C3A5 /* Progress */,
				D320D13E18A5682E0055D83D /* View */,
				D359FF1F17EC96FE007A095B /* CoreData */,
				D359FF3A17EC96FE007A095B /* Ekko */,
				D3C0FB5118A002B500C86039 /* XML */,
			);
			path = Models;
			sourceTree = "<group>";
		};
		D359FF1F17EC96FE007A095B /* CoreData */ = {
			isa = PBXGroup;
			children = (
				D320D13418A539C60055D83D /* Banner.h */,
				D320D13518A539C60055D83D /* Banner.m */,
				D320D13718A539C70055D83D /* Course.h */,
				D320D13818A539C70055D83D /* Course.m */,
				D359FFDD17EC9978007A095B /* Ekko.xcdatamodeld */,
				D3DBC62918E1FE88001C578D /* Answer.h */,
				D3DBC62A18E1FE88001C578D /* Answer.m */,
				D32BBEB118A2DEDA006273A8 /* Permission.h */,
				D32BBEB218A2DEDA006273A8 /* Permission.m */,
				D3DBC62618E1D92A001C578D /* ProgressItem.h */,
				D3DBC62718E1D92A001C578D /* ProgressItem.m */,
			);
			path = CoreData;
			sourceTree = "<group>";
		};
		D359FF3A17EC96FE007A095B /* Ekko */ = {
			isa = PBXGroup;
			children = (
				D320D13A18A539DF0055D83D /* Banner+Ekko.h */,
				D320D13B18A539DF0055D83D /* Banner+Ekko.m */,
				D359FF3B17EC96FE007A095B /* Course+Ekko.h */,
				D359FF3C17EC96FE007A095B /* Course+Ekko.m */,
				D31DB7FD18A145BF0031C12E /* ContentItem.h */,
				D31DB7FE18A145BF0031C12E /* ContentItem.m */,
				D31DB7E818A13D230031C12E /* Lesson.h */,
				D31DB7E918A13D230031C12E /* Lesson.m */,
				D3553052189AA891002C3AB2 /* Manifest.h */,
				D3553053189AA891002C3AB2 /* Manifest.m */,
				D31DB7EE18A141D00031C12E /* Media.h */,
				D31DB7EF18A141D00031C12E /* Media.m */,
				D31DB7FA18A1457E0031C12E /* MultipleChoice.h */,
				D31DB7FB18A1457E0031C12E /* MultipleChoice.m */,
				D31DB80018A1484B0031C12E /* MultipleChoiceOption.h */,
				D31DB80118A1484B0031C12E /* MultipleChoiceOption.m */,
				D31DB7F118A143260031C12E /* Page.h */,
				D31DB7F218A143260031C12E /* Page.m */,
				D31DB7F718A144A30031C12E /* Question.h */,
				D31DB7F818A144A30031C12E /* Question.m */,
				D31DB7EB18A13FC50031C12E /* Quiz.h */,
				D31DB7EC18A13FC50031C12E /* Quiz.m */,
				D3C0FB4B189FE92E00C86039 /* Resource.h */,
				D3C0FB4C189FE92E00C86039 /* Resource.m */,
			);
			path = Ekko;
			sourceTree = "<group>";
		};
		D359FF5917EC96FE007A095B /* Utils */ = {
			isa = PBXGroup;
			children = (
				D359FF5A17EC96FE007A095B /* NSString+MD5.h */,
				D359FF5B17EC96FE007A095B /* NSString+MD5.m */,
				D359FF5E17EC96FE007A095B /* UIColor+Ekko.h */,
				D359FF5F17EC96FE007A095B /* UIColor+Ekko.m */,
				D359FF6017EC96FE007A095B /* UIImage+Ekko.h */,
				D359FF6117EC96FE007A095B /* UIImage+Ekko.m */,
				D397E56F1822CDE500D9FFF3 /* UIWebView+Ekko.h */,
				D397E5701822CDE500D9FFF3 /* UIWebView+Ekko.m */,
				D359FF6217EC96FE007A095B /* URLUtils.h */,
				D359FF6317EC96FE007A095B /* URLUtils.m */,
				D34B33FC18AAA31800A2C46B /* UIImageView+Resource.h */,
				D34B33FD18AAA31800A2C46B /* UIImageView+Resource.m */,
			);
			path = Utils;
			sourceTree = "<group>";
		};
		D359FF6417EC96FE007A095B /* Views */ = {
			isa = PBXGroup;
			children = (
				D359FF6717EC96FE007A095B /* CoreDataTableViewController.h */,
				D359FF6817EC96FE007A095B /* CoreDataTableViewController.m */,
				D359FF6917EC96FE007A095B /* Course */,
				D359FF7F17EC96FE007A095B /* CourseList */,
				D359FF8417EC96FE007A095B /* DrawerViewController.h */,
				D359FF8517EC96FE007A095B /* DrawerViewController.m */,
				D3BAC3D71836C2E400EDE24A /* EkkoLoginViewController.h */,
				D3BAC3D81836C2E400EDE24A /* EkkoLoginViewController.m */,
				D3BAC3D91836C2E400EDE24A /* EkkoLoginViewController.xib */,
				D359FFEB17EC9D98007A095B /* Main_iPad.storyboard */,
				D30B0C2118EF0AF400744580 /* Main_iPhone.storyboard */,
				D303D87D180DB0FE0065B920 /* NavigationDrawer */,
				D3375AE018106B9400BAB134 /* Settings */,
				D359FF8917EC96FE007A095B /* SwipeViewController.h */,
				D359FF8A17EC96FE007A095B /* SwipeViewController.m */,
				D359FF8B17EC96FE007A095B /* UIViewController+SwipeViewController.h */,
				D359FF8C17EC96FE007A095B /* UIViewController+SwipeViewController.m */,
			);
			path = Views;
			sourceTree = "<group>";
		};
		D359FF6917EC96FE007A095B /* Course */ = {
			isa = PBXGroup;
			children = (
				D359FF6A17EC96FE007A095B /* ContentItemProtocol.h */,
				D3FB3C9B180482A80051642F /* CourseCompleteViewController.h */,
				D3FB3C9C180482A80051642F /* CourseCompleteViewController.m */,
				D3E61B2A180C5EB000145E50 /* CourseDrawer */,
				D359FF6B17EC96FE007A095B /* CourseNavigationBar.h */,
				D359FF6C17EC96FE007A095B /* CourseNavigationBar.m */,
				D359FF6D17EC96FE007A095B /* CourseViewController.h */,
				D359FF6E17EC96FE007A095B /* CourseViewController.m */,
				D359FF6F17EC96FE007A095B /* Lesson */,
				D359FF7617EC96FE007A095B /* Quiz */,
			);
			path = Course;
			sourceTree = "<group>";
		};
		D359FF6F17EC96FE007A095B /* Lesson */ = {
			isa = PBXGroup;
			children = (
				D359FF7017EC96FE007A095B /* LessonViewController.h */,
				D359FF7117EC96FE007A095B /* LessonViewController.m */,
				D359FF7217EC96FE007A095B /* MediaViewController.h */,
				D359FF7317EC96FE007A095B /* MediaViewController.m */,
				D359FF7417EC96FE007A095B /* PageViewController.h */,
				D359FF7517EC96FE007A095B /* PageViewController.m */,
			);
			path = Lesson;
			sourceTree = "<group>";
		};
		D359FF7617EC96FE007A095B /* Quiz */ = {
			isa = PBXGroup;
			children = (
				D359FF7717EC96FE007A095B /* MultipleChoice */,
				D33072301807227E00EDD036 /* QuizCompleteViewController.h */,
				D33072311807227E00EDD036 /* QuizCompleteViewController.m */,
				D359FF7C17EC96FE007A095B /* QuizProtocol.h */,
				D359FF7D17EC96FE007A095B /* QuizViewController.h */,
				D359FF7E17EC96FE007A095B /* QuizViewController.m */,
			);
			path = Quiz;
			sourceTree = "<group>";
		};
		D359FF7717EC96FE007A095B /* MultipleChoice */ = {
			isa = PBXGroup;
			children = (
				D359FF7817EC96FE007A095B /* MultipleChoiceOptionCell.h */,
				D359FF7917EC96FE007A095B /* MultipleChoiceOptionCell.m */,
				D359FF7A17EC96FE007A095B /* MultipleChoiceViewController.h */,
				D359FF7B17EC96FE007A095B /* MultipleChoiceViewController.m */,
			);
			path = MultipleChoice;
			sourceTree = "<group>";
		};
		D359FF7F17EC96FE007A095B /* CourseList */ = {
			isa = PBXGroup;
			children = (
				D359FF8017EC96FE007A095B /* CourseListCell.h */,
				D359FF8117EC96FE007A095B /* CourseListCell.m */,
				D359FF8217EC96FE007A095B /* CourseListViewController.h */,
				D359FF8317EC96FE007A095B /* CourseListViewController.m */,
			);
			path = CourseList;
			sourceTree = "<group>";
		};
		D3908D7718DCBD7B00F8C3A5 /* Progress */ = {
			isa = PBXGroup;
			children = (
				D3908D7818DCBD9D00F8C3A5 /* Manifest+Progress.h */,
				D3908D7918DCBD9D00F8C3A5 /* Manifest+Progress.m */,
				D3401EB918E32C09002A76F9 /* Lesson+Progress.h */,
				D3401EBA18E32C09002A76F9 /* Lesson+Progress.m */,
				D3401EBC18E33002002A76F9 /* Quiz+Progress.h */,
				D3401EBD18E33002002A76F9 /* Quiz+Progress.m */,
			);
			path = Progress;
			sourceTree = "<group>";
		};
		D3C0FB5118A002B500C86039 /* XML */ = {
			isa = PBXGroup;
			children = (
				D3C0FB6718A01EA500C86039 /* Course+XMLModel.h */,
				D3C0FB6818A01EA500C86039 /* Course+XMLModel.m */,
				D31DB80318A14C620031C12E /* Lesson+XMLModel.h */,
				D31DB80418A14C620031C12E /* Lesson+XMLModel.m */,
				D3349948189C05F700DCBF0A /* Manifest+XMLModel.h */,
				D3349949189C05F700DCBF0A /* Manifest+XMLModel.m */,
				D31DB80918A150760031C12E /* Media+XMLModel.h */,
				D31DB80A18A150760031C12E /* Media+XMLModel.m */,
				D31DB80F18A166620031C12E /* MultipleChoice+XMLModel.h */,
				D31DB81018A166620031C12E /* MultipleChoice+XMLModel.m */,
				D31DB81218A167DA0031C12E /* MultipleChoiceOption+XMLModel.h */,
				D31DB81318A167DA0031C12E /* MultipleChoiceOption+XMLModel.m */,
				D31DB80C18A1508A0031C12E /* Page+XMLModel.h */,
				D31DB80D18A1508A0031C12E /* Page+XMLModel.m */,
				D32BBEB418A2DF0D006273A8 /* Permission+XMLModel.h */,
				D32BBEB518A2DF0D006273A8 /* Permission+XMLModel.m */,
				D31DB80618A14C710031C12E /* Quiz+XMLModel.h */,
				D31DB80718A14C710031C12E /* Quiz+XMLModel.m */,
				D3C0FB4E189FEBC000C86039 /* Resource+XMLModel.h */,
				D3C0FB4F189FEBC000C86039 /* Resource+XMLModel.m */,
			);
			path = XML;
			sourceTree = "<group>";
		};
		D3E61B2A180C5EB000145E50 /* CourseDrawer */ = {
			isa = PBXGroup;
			children = (
				D3E61B2C180C5EDA00145E50 /* CourseDrawerViewController.h */,
				D3E61B2D180C5EDA00145E50 /* CourseDrawerViewController.m */,
				D3E61B32180C60C900145E50 /* CourseDrawerMediaCell.h */,
				D3E61B33180C60C900145E50 /* CourseDrawerMediaCell.m */,
			);
			path = CourseDrawer;
			sourceTree = "<group>";
		};
		D3F2EFF417EC904800F32F52 = {
			isa = PBXGroup;
			children = (
				D3F2F00617EC904800F32F52 /* Ekko */,
				D3F2F02817EC904800F32F52 /* EkkoTests */,
				D3F2EFFF17EC904800F32F52 /* Frameworks */,
				D3F2EFFE17EC904800F32F52 /* Products */,
				7069383D156F4191A71889D9 /* Pods.xcconfig */,
			);
			sourceTree = "<group>";
		};
		D3F2EFFE17EC904800F32F52 /* Products */ = {
			isa = PBXGroup;
			children = (
				D3F2EFFD17EC904800F32F52 /* Ekko.app */,
				D3F2F02117EC904800F32F52 /* EkkoTests.xctest */,
			);
			name = Products;
			sourceTree = "<group>";
		};
		D3F2EFFF17EC904800F32F52 /* Frameworks */ = {
			isa = PBXGroup;
			children = (
				D35B6CC6180EECC200670090 /* CFNetwork.framework */,
				D36B176817F09A4500EFFD86 /* MediaPlayer.framework */,
				D359FEE717EC968C007A095B /* QuartzCore.framework */,
				D359FEE517EC967D007A095B /* CoreData.framework */,
				D3F2F00017EC904800F32F52 /* Foundation.framework */,
				D3F2F00217EC904800F32F52 /* CoreGraphics.framework */,
				D3F2F00417EC904800F32F52 /* UIKit.framework */,
				D3F2F02217EC904800F32F52 /* XCTest.framework */,
				8C61116E098E4028AABAEEC0 /* libPods.a */,
			);
			name = Frameworks;
			sourceTree = "<group>";
		};
		D3F2F00617EC904800F32F52 /* Ekko */ = {
			isa = PBXGroup;
			children = (
				D359FF1017EC96FE007A095B /* AppDelegate.h */,
				D359FF1117EC96FE007A095B /* AppDelegate.m */,
				D359FF1217EC96FE007A095B /* Assets */,
				D3553048189AA5CC002C3AB2 /* Clients */,
				D3F9DA2717ECB9620039B0AC /* Images.xcassets */,
				D31CCB801899699600E3B303 /* Managers */,
				D359FF1E17EC96FE007A095B /* Models */,
				D3F2F00717EC904800F32F52 /* Supporting Files */,
				D359FF5917EC96FE007A095B /* Utils */,
				D359FF6417EC96FE007A095B /* Views */,
				D31CCB7C189965BC00E3B303 /* XML */,
			);
			path = Ekko;
			sourceTree = "<group>";
		};
		D3F2F00717EC904800F32F52 /* Supporting Files */ = {
			isa = PBXGroup;
			children = (
				D3F2F00817EC904800F32F52 /* Ekko-Info.plist */,
				D3F2F00917EC904800F32F52 /* InfoPlist.strings */,
				D3F2F00C17EC904800F32F52 /* main.m */,
				D3F2F00E17EC904800F32F52 /* Ekko-Prefix.pch */,
				D35885C618EDF79000067A3C /* Localizable.strings */,
			);
			name = "Supporting Files";
			sourceTree = "<group>";
		};
		D3F2F02817EC904800F32F52 /* EkkoTests */ = {
			isa = PBXGroup;
			children = (
				D3F2F02E17EC904800F32F52 /* EkkoTests.m */,
				D3F2F02917EC904800F32F52 /* Supporting Files */,
			);
			path = EkkoTests;
			sourceTree = "<group>";
		};
		D3F2F02917EC904800F32F52 /* Supporting Files */ = {
			isa = PBXGroup;
			children = (
				D3F2F02A17EC904800F32F52 /* EkkoTests-Info.plist */,
				D3F2F02B17EC904800F32F52 /* InfoPlist.strings */,
			);
			name = "Supporting Files";
			sourceTree = "<group>";
		};
/* End PBXGroup section */

/* Begin PBXNativeTarget section */
		D3F2EFFC17EC904800F32F52 /* Ekko */ = {
			isa = PBXNativeTarget;
			buildConfigurationList = D3F2F03217EC904800F32F52 /* Build configuration list for PBXNativeTarget "Ekko" */;
			buildPhases = (
				7C2417094C734B38BFB383E9 /* Check Pods Manifest.lock */,
				D3F2EFF917EC904800F32F52 /* Sources */,
				D312368F1831670400EE3907 /* Increment Build Number */,
				D3F2EFFA17EC904800F32F52 /* Frameworks */,
				D3F2EFFB17EC904800F32F52 /* Resources */,
				BF37EE882C88445B95ACF033 /* Copy Pods Resources */,
			);
			buildRules = (
			);
			dependencies = (
			);
			name = Ekko;
			productName = Ekko;
			productReference = D3F2EFFD17EC904800F32F52 /* Ekko.app */;
			productType = "com.apple.product-type.application";
		};
		D3F2F02017EC904800F32F52 /* EkkoTests */ = {
			isa = PBXNativeTarget;
			buildConfigurationList = D3F2F03517EC904800F32F52 /* Build configuration list for PBXNativeTarget "EkkoTests" */;
			buildPhases = (
				D3F2F01D17EC904800F32F52 /* Sources */,
				D3F2F01E17EC904800F32F52 /* Frameworks */,
				D3F2F01F17EC904800F32F52 /* Resources */,
			);
			buildRules = (
			);
			dependencies = (
				D3F2F02717EC904800F32F52 /* PBXTargetDependency */,
			);
			name = EkkoTests;
			productName = EkkoTests;
			productReference = D3F2F02117EC904800F32F52 /* EkkoTests.xctest */;
			productType = "com.apple.product-type.bundle.unit-test";
		};
/* End PBXNativeTarget section */

/* Begin PBXProject section */
		D3F2EFF517EC904800F32F52 /* Project object */ = {
			isa = PBXProject;
			attributes = {
				LastUpgradeCheck = 0510;
				ORGANIZATIONNAME = "Ekko Project";
				TargetAttributes = {
					D3F2EFFC17EC904800F32F52 = {
						DevelopmentTeam = 3EQ94S9G86;
					};
					D3F2F02017EC904800F32F52 = {
						TestTargetID = D3F2EFFC17EC904800F32F52;
					};
				};
			};
			buildConfigurationList = D3F2EFF817EC904800F32F52 /* Build configuration list for PBXProject "Ekko" */;
			compatibilityVersion = "Xcode 3.2";
			developmentRegion = English;
			hasScannedForEncodings = 0;
			knownRegions = (
				en,
				Base,
			);
			mainGroup = D3F2EFF417EC904800F32F52;
			productRefGroup = D3F2EFFE17EC904800F32F52 /* Products */;
			projectDirPath = "";
			projectRoot = "";
			targets = (
				D3F2EFFC17EC904800F32F52 /* Ekko */,
				D3F2F02017EC904800F32F52 /* EkkoTests */,
			);
		};
/* End PBXProject section */

/* Begin PBXResourcesBuildPhase section */
		D3F2EFFB17EC904800F32F52 /* Resources */ = {
			isa = PBXResourcesBuildPhase;
			buildActionMask = 2147483647;
			files = (
				D3FB3CA218049EAC0051642F /* bg_ekko_quiz@2x.png in Resources */,
				D3BAC3DB1836C2E400EDE24A /* EkkoLoginViewController.xib in Resources */,
				D3375AE518106C9500BAB134 /* AboutEkko.html in Resources */,
				D30B0C1F18EF0AF400744580 /* Main_iPhone.storyboard in Resources */,
				D3F9DA2817ECB9620039B0AC /* Images.xcassets in Resources */,
				D35885C418EDF79000067A3C /* Localizable.strings in Resources */,
				D359FFED17EC9D98007A095B /* Main_iPad.storyboard in Resources */,
				D3F2F00B17EC904800F32F52 /* InfoPlist.strings in Resources */,
			);
			runOnlyForDeploymentPostprocessing = 0;
		};
		D3F2F01F17EC904800F32F52 /* Resources */ = {
			isa = PBXResourcesBuildPhase;
			buildActionMask = 2147483647;
			files = (
				D3F2F02D17EC904800F32F52 /* InfoPlist.strings in Resources */,
			);
			runOnlyForDeploymentPostprocessing = 0;
		};
/* End PBXResourcesBuildPhase section */

/* Begin PBXShellScriptBuildPhase section */
		7C2417094C734B38BFB383E9 /* Check Pods Manifest.lock */ = {
			isa = PBXShellScriptBuildPhase;
			buildActionMask = 2147483647;
			files = (
			);
			inputPaths = (
			);
			name = "Check Pods Manifest.lock";
			outputPaths = (
			);
			runOnlyForDeploymentPostprocessing = 0;
			shellPath = /bin/sh;
			shellScript = "diff \"${PODS_ROOT}/../Podfile.lock\" \"${PODS_ROOT}/Manifest.lock\" > /dev/null\nif [[ $? != 0 ]] ; then\n    cat << EOM\nerror: The sandbox is not in sync with the Podfile.lock. Run 'pod install' or update your CocoaPods installation.\nEOM\n    exit 1\nfi";
			showEnvVarsInLog = 0;
		};
		BF37EE882C88445B95ACF033 /* Copy Pods Resources */ = {
			isa = PBXShellScriptBuildPhase;
			buildActionMask = 2147483647;
			files = (
			);
			inputPaths = (
			);
			name = "Copy Pods Resources";
			outputPaths = (
			);
			runOnlyForDeploymentPostprocessing = 0;
			shellPath = /bin/sh;
			shellScript = "\"${SRCROOT}/Pods/Pods-resources.sh\"\n";
			showEnvVarsInLog = 0;
		};
		D312368F1831670400EE3907 /* Increment Build Number */ = {
			isa = PBXShellScriptBuildPhase;
			buildActionMask = 12;
			files = (
			);
			inputPaths = (
			);
			name = "Increment Build Number";
			outputPaths = (
			);
			runOnlyForDeploymentPostprocessing = 0;
			shellPath = /bin/sh;
			shellScript = "${PROJECT_DIR}/tools/incrementBuild.sh \"${PROJECT_DIR}/${INFOPLIST_FILE}\"\n";
		};
/* End PBXShellScriptBuildPhase section */

/* Begin PBXSourcesBuildPhase section */
		D3F2EFF917EC904800F32F52 /* Sources */ = {
			isa = PBXSourcesBuildPhase;
			buildActionMask = 2147483647;
			files = (
				D31DB7FF18A145BF0031C12E /* ContentItem.m in Sources */,
				D31DB80818A14C710031C12E /* Quiz+XMLModel.m in Sources */,
				D312A03818DA0CCA0045C5DE /* ProgressManager.m in Sources */,
				D31DB80E18A1508A0031C12E /* Page+XMLModel.m in Sources */,
				D359FFD817EC96FE007A095B /* UIViewController+SwipeViewController.m in Sources */,
				D3C0FB6018A01DC200C86039 /* CoursesXMLParser.m in Sources */,
				D31DB7F018A141D00031C12E /* Media.m in Sources */,
				D359FFCB17EC96FE007A095B /* CourseNavigationBar.m in Sources */,
				D3908D7A18DCBD9D00F8C3A5 /* Manifest+Progress.m in Sources */,
				D320D13618A539C60055D83D /* Banner.m in Sources */,
				D359FFD017EC96FE007A095B /* MultipleChoiceOptionCell.m in Sources */,
				D31DB7FC18A1457E0031C12E /* MultipleChoice.m in Sources */,
				D359FFB617EC96FE007A095B /* Course+Ekko.m in Sources */,
				D359FFD517EC96FE007A095B /* DrawerViewController.m in Sources */,
				D3E61B2E180C5EDA00145E50 /* CourseDrawerViewController.m in Sources */,
				D320D14518A5682E0055D83D /* Lesson+View.m in Sources */,
				D359FFC417EC96FE007A095B /* NSString+MD5.m in Sources */,
				D320D14A18A56BEC0055D83D /* CoreDataManager.m in Sources */,
				D3FB3C9D180482A80051642F /* CourseCompleteViewController.m in Sources */,
				D303D880180DB1130065B920 /* NavigationDrawerViewController.m in Sources */,
				D359FFD117EC96FE007A095B /* MultipleChoiceViewController.m in Sources */,
				D359FFD717EC96FE007A095B /* SwipeViewController.m in Sources */,
				D3401EBE18E33002002A76F9 /* Quiz+Progress.m in Sources */,
				D3C0FB4D189FE92E00C86039 /* Resource.m in Sources */,
				D359FFC717EC96FE007A095B /* UIImage+Ekko.m in Sources */,
				D359FFCC17EC96FE007A095B /* CourseViewController.m in Sources */,
				D33072321807227E00EDD036 /* QuizCompleteViewController.m in Sources */,
				D32BBEB618A2DF0D006273A8 /* Permission+XMLModel.m in Sources */,
				D320D14718A5682E0055D83D /* Quiz+View.m in Sources */,
				D359FF9F17EC96FE007A095B /* AppDelegate.m in Sources */,
				D359FFDF17EC9978007A095B /* Ekko.xcdatamodeld in Sources */,
				D31DB7EA18A13D230031C12E /* Lesson.m in Sources */,
				D3553050189AA681002C3AB2 /* EkkoCloudClient.m in Sources */,
				D320D13918A539C70055D83D /* Course.m in Sources */,
				D359FFCF17EC96FE007A095B /* PageViewController.m in Sources */,
				D397E5711822CDE500D9FFF3 /* UIWebView+Ekko.m in Sources */,
				D31DB80218A1484B0031C12E /* MultipleChoiceOption.m in Sources */,
				D33072351807349B00EDD036 /* QuizManager.m in Sources */,
				D3BAC3DA1836C2E400EDE24A /* EkkoLoginViewController.m in Sources */,
				D359FFCA17EC96FE007A095B /* CoreDataTableViewController.m in Sources */,
				D334994E189C072000DCBF0A /* EkkoXMLParser.m in Sources */,
				D34B33FE18AAA31800A2C46B /* UIImageView+Resource.m in Sources */,
				D3B1911118A92B7C009C749F /* CoreDataXMLParser.m in Sources */,
				D3553044189A92E8002C3AB2 /* ManifestManager.m in Sources */,
				D359FFCD17EC96FE007A095B /* LessonViewController.m in Sources */,
				D3375AE318106BAC00BAB134 /* AboutEkkoViewController.m in Sources */,
				D359FFD217EC96FE007A095B /* QuizViewController.m in Sources */,
				D31DB80B18A150760031C12E /* Media+XMLModel.m in Sources */,
				D3DBC62B18E1FE88001C578D /* Answer.m in Sources */,
				D3DBC62818E1D92A001C578D /* ProgressItem.m in Sources */,
				D359FFC617EC96FE007A095B /* UIColor+Ekko.m in Sources */,
				D31DB81118A166620031C12E /* MultipleChoice+XMLModel.m in Sources */,
				D334994A189C05F700DCBF0A /* Manifest+XMLModel.m in Sources */,
				D320D14618A5682E0055D83D /* Manifest+View.m in Sources */,
				D31CCB7F1899662900E3B303 /* EkkoCloudXMLConstants.m in Sources */,
				D359FFCE17EC96FE007A095B /* MediaViewController.m in Sources */,
				D3401EBB18E32C09002A76F9 /* Lesson+Progress.m in Sources */,
				D3349951189C07B100DCBF0A /* ManifestXMLParser.m in Sources */,
				D359FFC817EC96FE007A095B /* URLUtils.m in Sources */,
				D3C0FB6918A01EA500C86039 /* Course+XMLModel.m in Sources */,
				D32BBEB318A2DEDA006273A8 /* Permission.m in Sources */,
				D325766517F375E200447A2D /* ResourceManager.m in Sources */,
				D3E61B34180C60C900145E50 /* CourseDrawerMediaCell.m in Sources */,
				D3C0FB5D18A01C6600C86039 /* CourseManager.m in Sources */,
				D31DB7ED18A13FC50031C12E /* Quiz.m in Sources */,
				D3553051189AA681002C3AB2 /* HTTPClient.m in Sources */,
				D320D13C18A539DF0055D83D /* Banner+Ekko.m in Sources */,
				D31DB80518A14C620031C12E /* Lesson+XMLModel.m in Sources */,
				D31DB7F318A143260031C12E /* Page.m in Sources */,
				D359FFD417EC96FE007A095B /* CourseListViewController.m in Sources */,
				D359FFD317EC96FE007A095B /* CourseListCell.m in Sources */,
				D3C0FB50189FEBC000C86039 /* Resource+XMLModel.m in Sources */,
				D355304F189AA681002C3AB2 /* ArclightClient.m in Sources */,
				D3F2F00D17EC904800F32F52 /* main.m in Sources */,
				D31DB81418A167DA0031C12E /* MultipleChoiceOption+XMLModel.m in Sources */,
				D3553054189AA891002C3AB2 /* Manifest.m in Sources */,
				D31DB7F918A144A30031C12E /* Question.m in Sources */,
				D3C0FB6318A01DEE00C86039 /* CourseXMLParser.m in Sources */,
			);
			runOnlyForDeploymentPostprocessing = 0;
		};
		D3F2F01D17EC904800F32F52 /* Sources */ = {
			isa = PBXSourcesBuildPhase;
			buildActionMask = 2147483647;
			files = (
				D3F2F02F17EC904800F32F52 /* EkkoTests.m in Sources */,
			);
			runOnlyForDeploymentPostprocessing = 0;
		};
/* End PBXSourcesBuildPhase section */

/* Begin PBXTargetDependency section */
		D3F2F02717EC904800F32F52 /* PBXTargetDependency */ = {
			isa = PBXTargetDependency;
			target = D3F2EFFC17EC904800F32F52 /* Ekko */;
			targetProxy = D3F2F02617EC904800F32F52 /* PBXContainerItemProxy */;
		};
/* End PBXTargetDependency section */

/* Begin PBXVariantGroup section */
		D30B0C2118EF0AF400744580 /* Main_iPhone.storyboard */ = {
			isa = PBXVariantGroup;
			children = (
				D30B0C2018EF0AF400744580 /* en */,
			);
			name = Main_iPhone.storyboard;
			sourceTree = "<group>";
		};
		D35885C618EDF79000067A3C /* Localizable.strings */ = {
			isa = PBXVariantGroup;
			children = (
				D35885C518EDF79000067A3C /* en */,
			);
			name = Localizable.strings;
			sourceTree = "<group>";
		};
		D3F2F00917EC904800F32F52 /* InfoPlist.strings */ = {
			isa = PBXVariantGroup;
			children = (
				D3F2F00A17EC904800F32F52 /* en */,
			);
			name = InfoPlist.strings;
			sourceTree = "<group>";
		};
		D3F2F02B17EC904800F32F52 /* InfoPlist.strings */ = {
			isa = PBXVariantGroup;
			children = (
				D3F2F02C17EC904800F32F52 /* en */,
			);
			name = InfoPlist.strings;
			sourceTree = "<group>";
		};
/* End PBXVariantGroup section */

/* Begin XCBuildConfiguration section */
		D3F2F03017EC904800F32F52 /* Debug */ = {
			isa = XCBuildConfiguration;
			buildSettings = {
				ALWAYS_SEARCH_USER_PATHS = NO;
				CLANG_CXX_LANGUAGE_STANDARD = "gnu++0x";
				CLANG_CXX_LIBRARY = "libc++";
				CLANG_ENABLE_MODULES = YES;
				CLANG_ENABLE_OBJC_ARC = YES;
				CLANG_WARN_BOOL_CONVERSION = YES;
				CLANG_WARN_CONSTANT_CONVERSION = YES;
				CLANG_WARN_DIRECT_OBJC_ISA_USAGE = YES_ERROR;
				CLANG_WARN_EMPTY_BODY = YES;
				CLANG_WARN_ENUM_CONVERSION = YES;
				CLANG_WARN_INT_CONVERSION = YES;
				CLANG_WARN_OBJC_ROOT_CLASS = YES_ERROR;
				CLANG_WARN__DUPLICATE_METHOD_MATCH = YES;
				"CODE_SIGN_IDENTITY[sdk=iphoneos*]" = "iPhone Developer";
				COPY_PHASE_STRIP = NO;
				GCC_C_LANGUAGE_STANDARD = gnu99;
				GCC_DYNAMIC_NO_PIC = NO;
				GCC_OPTIMIZATION_LEVEL = 0;
				GCC_PREPROCESSOR_DEFINITIONS = (
					"DEBUG=1",
					"$(inherited)",
				);
				GCC_SYMBOLS_PRIVATE_EXTERN = NO;
				GCC_WARN_64_TO_32_BIT_CONVERSION = YES;
				GCC_WARN_ABOUT_RETURN_TYPE = YES_ERROR;
				GCC_WARN_UNDECLARED_SELECTOR = YES;
				GCC_WARN_UNINITIALIZED_AUTOS = YES;
				GCC_WARN_UNUSED_FUNCTION = YES;
				GCC_WARN_UNUSED_VARIABLE = YES;
				IPHONEOS_DEPLOYMENT_TARGET = 7.0;
				ONLY_ACTIVE_ARCH = YES;
				SDKROOT = iphoneos;
				TARGETED_DEVICE_FAMILY = "1,2";
			};
			name = Debug;
		};
		D3F2F03117EC904800F32F52 /* Release */ = {
			isa = XCBuildConfiguration;
			buildSettings = {
				ALWAYS_SEARCH_USER_PATHS = NO;
				CLANG_CXX_LANGUAGE_STANDARD = "gnu++0x";
				CLANG_CXX_LIBRARY = "libc++";
				CLANG_ENABLE_MODULES = YES;
				CLANG_ENABLE_OBJC_ARC = YES;
				CLANG_WARN_BOOL_CONVERSION = YES;
				CLANG_WARN_CONSTANT_CONVERSION = YES;
				CLANG_WARN_DIRECT_OBJC_ISA_USAGE = YES_ERROR;
				CLANG_WARN_EMPTY_BODY = YES;
				CLANG_WARN_ENUM_CONVERSION = YES;
				CLANG_WARN_INT_CONVERSION = YES;
				CLANG_WARN_OBJC_ROOT_CLASS = YES_ERROR;
				CLANG_WARN__DUPLICATE_METHOD_MATCH = YES;
				"CODE_SIGN_IDENTITY[sdk=iphoneos*]" = "iPhone Developer";
				COPY_PHASE_STRIP = YES;
				ENABLE_NS_ASSERTIONS = NO;
				GCC_C_LANGUAGE_STANDARD = gnu99;
				GCC_WARN_64_TO_32_BIT_CONVERSION = YES;
				GCC_WARN_ABOUT_RETURN_TYPE = YES_ERROR;
				GCC_WARN_UNDECLARED_SELECTOR = YES;
				GCC_WARN_UNINITIALIZED_AUTOS = YES;
				GCC_WARN_UNUSED_FUNCTION = YES;
				GCC_WARN_UNUSED_VARIABLE = YES;
				IPHONEOS_DEPLOYMENT_TARGET = 7.0;
				SDKROOT = iphoneos;
				TARGETED_DEVICE_FAMILY = "1,2";
				VALIDATE_PRODUCT = YES;
			};
			name = Release;
		};
		D3F2F03317EC904800F32F52 /* Debug */ = {
			isa = XCBuildConfiguration;
			baseConfigurationReference = 7069383D156F4191A71889D9 /* Pods.xcconfig */;
			buildSettings = {
				ASSETCATALOG_COMPILER_APPICON_NAME = AppIcon;
				ASSETCATALOG_COMPILER_LAUNCHIMAGE_NAME = LaunchImage;
				CODE_SIGN_IDENTITY = "iPhone Developer";
				"CODE_SIGN_IDENTITY[sdk=iphoneos*]" = "iPhone Developer";
				FRAMEWORK_SEARCH_PATHS = (
					"$(inherited)",
					/Users/brian/src/ios/Ekko,
				);
				GCC_PRECOMPILE_PREFIX_HEADER = YES;
				GCC_PREFIX_HEADER = "Ekko/Ekko-Prefix.pch";
				INFOPLIST_FILE = "Ekko/Ekko-Info.plist";
				IPHONEOS_DEPLOYMENT_TARGET = 7.0;
				PRODUCT_NAME = "$(TARGET_NAME)";
				PROVISIONING_PROFILE = "";
				TARGETED_DEVICE_FAMILY = 1;
				WRAPPER_EXTENSION = app;
			};
			name = Debug;
		};
		D3F2F03417EC904800F32F52 /* Release */ = {
			isa = XCBuildConfiguration;
			baseConfigurationReference = 7069383D156F4191A71889D9 /* Pods.xcconfig */;
			buildSettings = {
				ASSETCATALOG_COMPILER_APPICON_NAME = AppIcon;
				ASSETCATALOG_COMPILER_LAUNCHIMAGE_NAME = LaunchImage;
				CODE_SIGN_IDENTITY = "iPhone Developer";
				"CODE_SIGN_IDENTITY[sdk=iphoneos*]" = "iPhone Developer";
				FRAMEWORK_SEARCH_PATHS = (
					"$(inherited)",
					/Users/brian/src/ios/Ekko,
				);
				GCC_PRECOMPILE_PREFIX_HEADER = YES;
				GCC_PREFIX_HEADER = "Ekko/Ekko-Prefix.pch";
				INFOPLIST_FILE = "Ekko/Ekko-Info.plist";
				IPHONEOS_DEPLOYMENT_TARGET = 7.0;
				PRODUCT_NAME = "$(TARGET_NAME)";
				PROVISIONING_PROFILE = "";
				TARGETED_DEVICE_FAMILY = 1;
				WRAPPER_EXTENSION = app;
			};
			name = Release;
		};
		D3F2F03617EC904800F32F52 /* Debug */ = {
			isa = XCBuildConfiguration;
			buildSettings = {
				BUNDLE_LOADER = "$(BUILT_PRODUCTS_DIR)/Ekko.app/Ekko";
				FRAMEWORK_SEARCH_PATHS = (
					"$(SDKROOT)/Developer/Library/Frameworks",
					"$(inherited)",
					"$(DEVELOPER_FRAMEWORKS_DIR)",
				);
				GCC_PRECOMPILE_PREFIX_HEADER = YES;
				GCC_PREFIX_HEADER = "Ekko/Ekko-Prefix.pch";
				GCC_PREPROCESSOR_DEFINITIONS = (
					"DEBUG=1",
					"$(inherited)",
				);
				INFOPLIST_FILE = "EkkoTests/EkkoTests-Info.plist";
				PRODUCT_NAME = "$(TARGET_NAME)";
				TEST_HOST = "$(BUNDLE_LOADER)";
				WRAPPER_EXTENSION = xctest;
			};
			name = Debug;
		};
		D3F2F03717EC904800F32F52 /* Release */ = {
			isa = XCBuildConfiguration;
			buildSettings = {
				BUNDLE_LOADER = "$(BUILT_PRODUCTS_DIR)/Ekko.app/Ekko";
				FRAMEWORK_SEARCH_PATHS = (
					"$(SDKROOT)/Developer/Library/Frameworks",
					"$(inherited)",
					"$(DEVELOPER_FRAMEWORKS_DIR)",
				);
				GCC_PRECOMPILE_PREFIX_HEADER = YES;
				GCC_PREFIX_HEADER = "Ekko/Ekko-Prefix.pch";
				INFOPLIST_FILE = "EkkoTests/EkkoTests-Info.plist";
				PRODUCT_NAME = "$(TARGET_NAME)";
				TEST_HOST = "$(BUNDLE_LOADER)";
				WRAPPER_EXTENSION = xctest;
			};
			name = Release;
		};
/* End XCBuildConfiguration section */

/* Begin XCConfigurationList section */
		D3F2EFF817EC904800F32F52 /* Build configuration list for PBXProject "Ekko" */ = {
			isa = XCConfigurationList;
			buildConfigurations = (
				D3F2F03017EC904800F32F52 /* Debug */,
				D3F2F03117EC904800F32F52 /* Release */,
			);
			defaultConfigurationIsVisible = 0;
			defaultConfigurationName = Debug;
		};
		D3F2F03217EC904800F32F52 /* Build configuration list for PBXNativeTarget "Ekko" */ = {
			isa = XCConfigurationList;
			buildConfigurations = (
				D3F2F03317EC904800F32F52 /* Debug */,
				D3F2F03417EC904800F32F52 /* Release */,
			);
			defaultConfigurationIsVisible = 0;
			defaultConfigurationName = Debug;
		};
		D3F2F03517EC904800F32F52 /* Build configuration list for PBXNativeTarget "EkkoTests" */ = {
			isa = XCConfigurationList;
			buildConfigurations = (
				D3F2F03617EC904800F32F52 /* Debug */,
				D3F2F03717EC904800F32F52 /* Release */,
			);
			defaultConfigurationIsVisible = 0;
			defaultConfigurationName = Debug;
		};
/* End XCConfigurationList section */

/* Begin XCVersionGroup section */
		D359FFDD17EC9978007A095B /* Ekko.xcdatamodeld */ = {
			isa = XCVersionGroup;
			children = (
				D359FFDE17EC9978007A095B /* Ekko.xcdatamodel */,
			);
			currentVersion = D359FFDE17EC9978007A095B /* Ekko.xcdatamodel */;
			path = Ekko.xcdatamodeld;
			sourceTree = "<group>";
			versionGroupType = wrapper.xcdatamodel;
		};
/* End XCVersionGroup section */
	};
	rootObject = D3F2EFF517EC904800F32F52 /* Project object */;
}
